// !$*UTF8*$!
{
	archiveVersion = 1;
	classes = {
	};
	objectVersion = 55;
	objects = {

/* Begin PBXBuildFile section */
		CE46E07C2922B76F007E5474 /* Domain.docc in Sources */ = {isa = PBXBuildFile; fileRef = CE46E07B2922B76F007E5474 /* Domain.docc */; };
		CE46E0822922B801007E5474 /* AddAccount.swift in Sources */ = {isa = PBXBuildFile; fileRef = CE46E0812922B801007E5474 /* AddAccount.swift */; };
		CE46E0842922B90B007E5474 /* AccountModel.swift in Sources */ = {isa = PBXBuildFile; fileRef = CE46E0832922B90B007E5474 /* AccountModel.swift */; };
		CE46E08E2922B97C007E5474 /* Data.docc in Sources */ = {isa = PBXBuildFile; fileRef = CE46E08D2922B97C007E5474 /* Data.docc */; };
		CE46E0942922B97C007E5474 /* Data.framework in Frameworks */ = {isa = PBXBuildFile; fileRef = CE46E08A2922B97C007E5474 /* Data.framework */; };
		CE46E0992922B97C007E5474 /* RemoteAddAccountTests.swift in Sources */ = {isa = PBXBuildFile; fileRef = CE46E0982922B97C007E5474 /* RemoteAddAccountTests.swift */; };
		CE46E0A22922B9B3007E5474 /* Domain.framework in Frameworks */ = {isa = PBXBuildFile; fileRef = CE46E0782922B76F007E5474 /* Domain.framework */; };
		CE46E0A32922B9B3007E5474 /* Domain.framework in Embed Frameworks */ = {isa = PBXBuildFile; fileRef = CE46E0782922B76F007E5474 /* Domain.framework */; settings = {ATTRIBUTES = (CodeSignOnCopy, RemoveHeadersOnCopy, ); }; };
		CE51ADFF292BA19D006C6B2B /* DomainError.swift in Sources */ = {isa = PBXBuildFile; fileRef = CE51ADFE292BA19D006C6B2B /* DomainError.swift */; };
		CE51AE02292BA1FB006C6B2B /* HttpError.swift in Sources */ = {isa = PBXBuildFile; fileRef = CE51AE01292BA1FB006C6B2B /* HttpError.swift */; };
		CE51AE04292BBA25006C6B2B /* ExtensionHelpers.swift in Sources */ = {isa = PBXBuildFile; fileRef = CE51AE03292BBA25006C6B2B /* ExtensionHelpers.swift */; };
		CE53CE94292D0257006BC971 /* TestExxtensions.swift in Sources */ = {isa = PBXBuildFile; fileRef = CE53CE93292D0257006BC971 /* TestExxtensions.swift */; };
		CE53CE96292D02BF006BC971 /* TestFactories.swift in Sources */ = {isa = PBXBuildFile; fileRef = CE53CE95292D02BF006BC971 /* TestFactories.swift */; };
		CE53CE99292D030D006BC971 /* HttpClientSpy.swift in Sources */ = {isa = PBXBuildFile; fileRef = CE53CE98292D030D006BC971 /* HttpClientSpy.swift */; };
		CE53CE9B292D036A006BC971 /* AccountModelFactory.swift in Sources */ = {isa = PBXBuildFile; fileRef = CE53CE9A292D036A006BC971 /* AccountModelFactory.swift */; };
		CE53CEA9292D4F24006BC971 /* Infra.framework in Frameworks */ = {isa = PBXBuildFile; fileRef = CE53CEA1292D4F24006BC971 /* Infra.framework */; };
		CE53CEAE292D4F24006BC971 /* AlamofireAdapterTests.swift in Sources */ = {isa = PBXBuildFile; fileRef = CE53CEAD292D4F24006BC971 /* AlamofireAdapterTests.swift */; };
		CE53CEB7292D4F9C006BC971 /* TestExxtensions.swift in Sources */ = {isa = PBXBuildFile; fileRef = CE53CE93292D0257006BC971 /* TestExxtensions.swift */; };
		CE53CEB8292D4F9F006BC971 /* TestFactories.swift in Sources */ = {isa = PBXBuildFile; fileRef = CE53CE95292D02BF006BC971 /* TestFactories.swift */; };
		CE53CEB9292D4FCB006BC971 /* Data.framework in Frameworks */ = {isa = PBXBuildFile; fileRef = CE46E08A2922B97C007E5474 /* Data.framework */; };
		CE53CEBA292D4FCB006BC971 /* Data.framework in Embed Frameworks */ = {isa = PBXBuildFile; fileRef = CE46E08A2922B97C007E5474 /* Data.framework */; settings = {ATTRIBUTES = (CodeSignOnCopy, RemoveHeadersOnCopy, ); }; };
		CE53CEC0292D5245006BC971 /* Alamofire in Frameworks */ = {isa = PBXBuildFile; productRef = CE53CEBF292D5245006BC971 /* Alamofire */; };
		CE5EBE362930DBF800B82B7B /* UseCasesIntegrationTests.swift in Sources */ = {isa = PBXBuildFile; fileRef = CE5EBE352930DBF800B82B7B /* UseCasesIntegrationTests.swift */; };
		CE5EBE372930DBF800B82B7B /* Data.framework in Frameworks */ = {isa = PBXBuildFile; fileRef = CE46E08A2922B97C007E5474 /* Data.framework */; };
		CE5EBE682930E13000B82B7B /* Presentation.framework in Frameworks */ = {isa = PBXBuildFile; fileRef = CE5EBE602930E13000B82B7B /* Presentation.framework */; };
		CE5EBE6D2930E13000B82B7B /* SignUpPresenterTests.swift in Sources */ = {isa = PBXBuildFile; fileRef = CE5EBE6C2930E13000B82B7B /* SignUpPresenterTests.swift */; };
		CE5EBE762930F61300B82B7B /* SignUpPresenter.swift in Sources */ = {isa = PBXBuildFile; fileRef = CE5EBE752930F61300B82B7B /* SignUpPresenter.swift */; };
		CE5EBE792930F6B700B82B7B /* AlertView.swift in Sources */ = {isa = PBXBuildFile; fileRef = CE5EBE782930F6B700B82B7B /* AlertView.swift */; };
		CE5EBE7D2930FA4900B82B7B /* EmailValidator.swift in Sources */ = {isa = PBXBuildFile; fileRef = CE5EBE7C2930FA4900B82B7B /* EmailValidator.swift */; };
		CE5EBE802931331400B82B7B /* AuthenticationSpy.swift in Sources */ = {isa = PBXBuildFile; fileRef = CE5EBE7F2931331400B82B7B /* AuthenticationSpy.swift */; };
		CE5EBE822931333500B82B7B /* AddAccountSpy.swift in Sources */ = {isa = PBXBuildFile; fileRef = CE5EBE812931333500B82B7B /* AddAccountSpy.swift */; };
		CE5EBE852931339E00B82B7B /* TestFactories.swift in Sources */ = {isa = PBXBuildFile; fileRef = CE5EBE842931339E00B82B7B /* TestFactories.swift */; };
		CE5EBE86293134B900B82B7B /* AccountModelFactory.swift in Sources */ = {isa = PBXBuildFile; fileRef = CE53CE9A292D036A006BC971 /* AccountModelFactory.swift */; };
		CE5FB0B92934C93C003C7A37 /* TestExxtensions.swift in Sources */ = {isa = PBXBuildFile; fileRef = CE53CE93292D0257006BC971 /* TestExxtensions.swift */; };
		CE5FB0BB2934CB74003C7A37 /* LoadingView.swift in Sources */ = {isa = PBXBuildFile; fileRef = CE5FB0BA2934CB74003C7A37 /* LoadingView.swift */; };
		CE5FB0BE2934E124003C7A37 /* SignUpViewModel.swift in Sources */ = {isa = PBXBuildFile; fileRef = CE5FB0BD2934E124003C7A37 /* SignUpViewModel.swift */; };
		CE5FB0C02934E190003C7A37 /* SignUpMapper.swift in Sources */ = {isa = PBXBuildFile; fileRef = CE5FB0BF2934E190003C7A37 /* SignUpMapper.swift */; };
		CE5FB0C52934ED72003C7A37 /* AlertViewSpy.swift in Sources */ = {isa = PBXBuildFile; fileRef = CE5FB0C42934ED72003C7A37 /* AlertViewSpy.swift */; };
		CE5FB0C82934EDD6003C7A37 /* EmailValidatorSpy.swift in Sources */ = {isa = PBXBuildFile; fileRef = CE5FB0C72934EDD6003C7A37 /* EmailValidatorSpy.swift */; };
		CE5FB0CA2934EE78003C7A37 /* LoadingViewSpy.swift in Sources */ = {isa = PBXBuildFile; fileRef = CE5FB0C92934EE78003C7A37 /* LoadingViewSpy.swift */; };
		CE5FB0D82934F018003C7A37 /* UI.framework in Frameworks */ = {isa = PBXBuildFile; fileRef = CE5FB0D02934F017003C7A37 /* UI.framework */; };
		CE5FB0DD2934F018003C7A37 /* SignUpViewControllerTests.swift in Sources */ = {isa = PBXBuildFile; fileRef = CE5FB0DC2934F018003C7A37 /* SignUpViewControllerTests.swift */; };
		CE5FB0E62934F456003C7A37 /* SignUpViewController.swift in Sources */ = {isa = PBXBuildFile; fileRef = CE5FB0E52934F456003C7A37 /* SignUpViewController.swift */; };
		CE5FB0EA293502EA003C7A37 /* SignUp.storyboard in Resources */ = {isa = PBXBuildFile; fileRef = CE5FB0E9293502EA003C7A37 /* SignUp.storyboard */; };
		CE5FB0EB2935078A003C7A37 /* Presentation.framework in Frameworks */ = {isa = PBXBuildFile; fileRef = CE5EBE602930E13000B82B7B /* Presentation.framework */; platformFilter = ios; };
		CE5FB0EC2935078A003C7A37 /* Presentation.framework in Embed Frameworks */ = {isa = PBXBuildFile; fileRef = CE5EBE602930E13000B82B7B /* Presentation.framework */; settings = {ATTRIBUTES = (CodeSignOnCopy, RemoveHeadersOnCopy, ); }; };
		CE67E7D2292E74F60030EEC3 /* UrlProtocolStub.swift in Sources */ = {isa = PBXBuildFile; fileRef = CE67E7D1292E74F60030EEC3 /* UrlProtocolStub.swift */; };
		CE67E7D4292E9C540030EEC3 /* AlamofireAdapter.swift in Sources */ = {isa = PBXBuildFile; fileRef = CE67E7D3292E9C540030EEC3 /* AlamofireAdapter.swift */; };
		CE745EC52927F54400EB89AC /* Model.swift in Sources */ = {isa = PBXBuildFile; fileRef = CE745EC42927F54400EB89AC /* Model.swift */; };
		CE745EC729280CFC00EB89AC /* RemoteAddAccount.swift in Sources */ = {isa = PBXBuildFile; fileRef = CE745EC629280CFC00EB89AC /* RemoteAddAccount.swift */; };
		CE745EC929280D5F00EB89AC /* HttpPostClient.swift in Sources */ = {isa = PBXBuildFile; fileRef = CE745EC829280D5F00EB89AC /* HttpPostClient.swift */; };
/* End PBXBuildFile section */

/* Begin PBXContainerItemProxy section */
		CE46E0952922B97C007E5474 /* PBXContainerItemProxy */ = {
			isa = PBXContainerItemProxy;
			containerPortal = CE46E0502922B68A007E5474 /* Project object */;
			proxyType = 1;
			remoteGlobalIDString = CE46E0892922B97C007E5474;
			remoteInfo = Data;
		};
		CE46E0A42922B9B3007E5474 /* PBXContainerItemProxy */ = {
			isa = PBXContainerItemProxy;
			containerPortal = CE46E0502922B68A007E5474 /* Project object */;
			proxyType = 1;
			remoteGlobalIDString = CE46E0772922B76F007E5474;
			remoteInfo = Domain;
		};
		CE53CEAA292D4F24006BC971 /* PBXContainerItemProxy */ = {
			isa = PBXContainerItemProxy;
			containerPortal = CE46E0502922B68A007E5474 /* Project object */;
			proxyType = 1;
			remoteGlobalIDString = CE53CEA0292D4F24006BC971;
			remoteInfo = Infra;
		};
		CE53CEBB292D4FCB006BC971 /* PBXContainerItemProxy */ = {
			isa = PBXContainerItemProxy;
			containerPortal = CE46E0502922B68A007E5474 /* Project object */;
			proxyType = 1;
			remoteGlobalIDString = CE46E0892922B97C007E5474;
			remoteInfo = Data;
		};
		CE5EBE382930DBF800B82B7B /* PBXContainerItemProxy */ = {
			isa = PBXContainerItemProxy;
			containerPortal = CE46E0502922B68A007E5474 /* Project object */;
			proxyType = 1;
			remoteGlobalIDString = CE46E0892922B97C007E5474;
			remoteInfo = Data;
		};
		CE5EBE3D2930DC1C00B82B7B /* PBXContainerItemProxy */ = {
			isa = PBXContainerItemProxy;
			containerPortal = CE46E0502922B68A007E5474 /* Project object */;
			proxyType = 1;
			remoteGlobalIDString = CE46E0772922B76F007E5474;
			remoteInfo = Domain;
		};
		CE5EBE3F2930DC1C00B82B7B /* PBXContainerItemProxy */ = {
			isa = PBXContainerItemProxy;
			containerPortal = CE46E0502922B68A007E5474 /* Project object */;
			proxyType = 1;
			remoteGlobalIDString = CE53CEA0292D4F24006BC971;
			remoteInfo = Infra;
		};
		CE5EBE692930E13000B82B7B /* PBXContainerItemProxy */ = {
			isa = PBXContainerItemProxy;
			containerPortal = CE46E0502922B68A007E5474 /* Project object */;
			proxyType = 1;
			remoteGlobalIDString = CE5EBE5F2930E13000B82B7B;
			remoteInfo = Presentation;
		};
		CE5FB0D92934F018003C7A37 /* PBXContainerItemProxy */ = {
			isa = PBXContainerItemProxy;
			containerPortal = CE46E0502922B68A007E5474 /* Project object */;
			proxyType = 1;
			remoteGlobalIDString = CE5FB0CF2934F017003C7A37;
			remoteInfo = UI;
		};
		CE5FB0ED2935078A003C7A37 /* PBXContainerItemProxy */ = {
			isa = PBXContainerItemProxy;
			containerPortal = CE46E0502922B68A007E5474 /* Project object */;
			proxyType = 1;
			remoteGlobalIDString = CE5EBE5F2930E13000B82B7B;
			remoteInfo = Presentation;
		};
/* End PBXContainerItemProxy section */

/* Begin PBXCopyFilesBuildPhase section */
		CE46E0A62922B9B3007E5474 /* Embed Frameworks */ = {
			isa = PBXCopyFilesBuildPhase;
			buildActionMask = 2147483647;
			dstPath = "";
			dstSubfolderSpec = 10;
			files = (
				CE46E0A32922B9B3007E5474 /* Domain.framework in Embed Frameworks */,
			);
			name = "Embed Frameworks";
			runOnlyForDeploymentPostprocessing = 0;
		};
		CE53CEBD292D4FCB006BC971 /* Embed Frameworks */ = {
			isa = PBXCopyFilesBuildPhase;
			buildActionMask = 2147483647;
			dstPath = "";
			dstSubfolderSpec = 10;
			files = (
				CE53CEBA292D4FCB006BC971 /* Data.framework in Embed Frameworks */,
			);
			name = "Embed Frameworks";
			runOnlyForDeploymentPostprocessing = 0;
		};
		CE5FB0EF2935078A003C7A37 /* Embed Frameworks */ = {
			isa = PBXCopyFilesBuildPhase;
			buildActionMask = 2147483647;
			dstPath = "";
			dstSubfolderSpec = 10;
			files = (
				CE5FB0EC2935078A003C7A37 /* Presentation.framework in Embed Frameworks */,
			);
			name = "Embed Frameworks";
			runOnlyForDeploymentPostprocessing = 0;
		};
/* End PBXCopyFilesBuildPhase section */

/* Begin PBXFileReference section */
		CE46E0782922B76F007E5474 /* Domain.framework */ = {isa = PBXFileReference; explicitFileType = wrapper.framework; includeInIndex = 0; path = Domain.framework; sourceTree = BUILT_PRODUCTS_DIR; };
		CE46E07B2922B76F007E5474 /* Domain.docc */ = {isa = PBXFileReference; lastKnownFileType = folder.documentationcatalog; path = Domain.docc; sourceTree = "<group>"; };
		CE46E0812922B801007E5474 /* AddAccount.swift */ = {isa = PBXFileReference; lastKnownFileType = sourcecode.swift; path = AddAccount.swift; sourceTree = "<group>"; };
		CE46E0832922B90B007E5474 /* AccountModel.swift */ = {isa = PBXFileReference; lastKnownFileType = sourcecode.swift; path = AccountModel.swift; sourceTree = "<group>"; };
		CE46E08A2922B97C007E5474 /* Data.framework */ = {isa = PBXFileReference; explicitFileType = wrapper.framework; includeInIndex = 0; path = Data.framework; sourceTree = BUILT_PRODUCTS_DIR; };
		CE46E08D2922B97C007E5474 /* Data.docc */ = {isa = PBXFileReference; lastKnownFileType = folder.documentationcatalog; path = Data.docc; sourceTree = "<group>"; };
		CE46E0932922B97C007E5474 /* DataTests.xctest */ = {isa = PBXFileReference; explicitFileType = wrapper.cfbundle; includeInIndex = 0; path = DataTests.xctest; sourceTree = BUILT_PRODUCTS_DIR; };
		CE46E0982922B97C007E5474 /* RemoteAddAccountTests.swift */ = {isa = PBXFileReference; lastKnownFileType = sourcecode.swift; path = RemoteAddAccountTests.swift; sourceTree = "<group>"; };
		CE51ADFE292BA19D006C6B2B /* DomainError.swift */ = {isa = PBXFileReference; lastKnownFileType = sourcecode.swift; path = DomainError.swift; sourceTree = "<group>"; };
		CE51AE01292BA1FB006C6B2B /* HttpError.swift */ = {isa = PBXFileReference; lastKnownFileType = sourcecode.swift; path = HttpError.swift; sourceTree = "<group>"; };
		CE51AE03292BBA25006C6B2B /* ExtensionHelpers.swift */ = {isa = PBXFileReference; lastKnownFileType = sourcecode.swift; path = ExtensionHelpers.swift; sourceTree = "<group>"; };
		CE53CE93292D0257006BC971 /* TestExxtensions.swift */ = {isa = PBXFileReference; lastKnownFileType = sourcecode.swift; path = TestExxtensions.swift; sourceTree = "<group>"; };
		CE53CE95292D02BF006BC971 /* TestFactories.swift */ = {isa = PBXFileReference; lastKnownFileType = sourcecode.swift; path = TestFactories.swift; sourceTree = "<group>"; };
		CE53CE98292D030D006BC971 /* HttpClientSpy.swift */ = {isa = PBXFileReference; lastKnownFileType = sourcecode.swift; path = HttpClientSpy.swift; sourceTree = "<group>"; };
		CE53CE9A292D036A006BC971 /* AccountModelFactory.swift */ = {isa = PBXFileReference; lastKnownFileType = sourcecode.swift; path = AccountModelFactory.swift; sourceTree = "<group>"; };
		CE53CEA1292D4F24006BC971 /* Infra.framework */ = {isa = PBXFileReference; explicitFileType = wrapper.framework; includeInIndex = 0; path = Infra.framework; sourceTree = BUILT_PRODUCTS_DIR; };
		CE53CEA8292D4F24006BC971 /* InfraTests.xctest */ = {isa = PBXFileReference; explicitFileType = wrapper.cfbundle; includeInIndex = 0; path = InfraTests.xctest; sourceTree = BUILT_PRODUCTS_DIR; };
		CE53CEAD292D4F24006BC971 /* AlamofireAdapterTests.swift */ = {isa = PBXFileReference; lastKnownFileType = sourcecode.swift; path = AlamofireAdapterTests.swift; sourceTree = "<group>"; };
		CE5EBE332930DBF800B82B7B /* UseCasesIntegrationTests.xctest */ = {isa = PBXFileReference; explicitFileType = wrapper.cfbundle; includeInIndex = 0; path = UseCasesIntegrationTests.xctest; sourceTree = BUILT_PRODUCTS_DIR; };
		CE5EBE352930DBF800B82B7B /* UseCasesIntegrationTests.swift */ = {isa = PBXFileReference; lastKnownFileType = sourcecode.swift; path = UseCasesIntegrationTests.swift; sourceTree = "<group>"; };
		CE5EBE602930E13000B82B7B /* Presentation.framework */ = {isa = PBXFileReference; explicitFileType = wrapper.framework; includeInIndex = 0; path = Presentation.framework; sourceTree = BUILT_PRODUCTS_DIR; };
		CE5EBE672930E13000B82B7B /* PresentationTests.xctest */ = {isa = PBXFileReference; explicitFileType = wrapper.cfbundle; includeInIndex = 0; path = PresentationTests.xctest; sourceTree = BUILT_PRODUCTS_DIR; };
		CE5EBE6C2930E13000B82B7B /* SignUpPresenterTests.swift */ = {isa = PBXFileReference; lastKnownFileType = sourcecode.swift; path = SignUpPresenterTests.swift; sourceTree = "<group>"; };
		CE5EBE752930F61300B82B7B /* SignUpPresenter.swift */ = {isa = PBXFileReference; lastKnownFileType = sourcecode.swift; path = SignUpPresenter.swift; sourceTree = "<group>"; };
		CE5EBE782930F6B700B82B7B /* AlertView.swift */ = {isa = PBXFileReference; lastKnownFileType = sourcecode.swift; path = AlertView.swift; sourceTree = "<group>"; };
		CE5EBE7C2930FA4900B82B7B /* EmailValidator.swift */ = {isa = PBXFileReference; lastKnownFileType = sourcecode.swift; path = EmailValidator.swift; sourceTree = "<group>"; };
		CE5EBE7F2931331400B82B7B /* AuthenticationSpy.swift */ = {isa = PBXFileReference; lastKnownFileType = sourcecode.swift; path = AuthenticationSpy.swift; sourceTree = "<group>"; };
		CE5EBE812931333500B82B7B /* AddAccountSpy.swift */ = {isa = PBXFileReference; lastKnownFileType = sourcecode.swift; path = AddAccountSpy.swift; sourceTree = "<group>"; };
		CE5EBE842931339E00B82B7B /* TestFactories.swift */ = {isa = PBXFileReference; lastKnownFileType = sourcecode.swift; path = TestFactories.swift; sourceTree = "<group>"; };
		CE5FB0BA2934CB74003C7A37 /* LoadingView.swift */ = {isa = PBXFileReference; lastKnownFileType = sourcecode.swift; path = LoadingView.swift; sourceTree = "<group>"; };
		CE5FB0BD2934E124003C7A37 /* SignUpViewModel.swift */ = {isa = PBXFileReference; lastKnownFileType = sourcecode.swift; path = SignUpViewModel.swift; sourceTree = "<group>"; };
		CE5FB0BF2934E190003C7A37 /* SignUpMapper.swift */ = {isa = PBXFileReference; lastKnownFileType = sourcecode.swift; path = SignUpMapper.swift; sourceTree = "<group>"; };
		CE5FB0C42934ED72003C7A37 /* AlertViewSpy.swift */ = {isa = PBXFileReference; lastKnownFileType = sourcecode.swift; path = AlertViewSpy.swift; sourceTree = "<group>"; };
		CE5FB0C72934EDD6003C7A37 /* EmailValidatorSpy.swift */ = {isa = PBXFileReference; lastKnownFileType = sourcecode.swift; path = EmailValidatorSpy.swift; sourceTree = "<group>"; };
		CE5FB0C92934EE78003C7A37 /* LoadingViewSpy.swift */ = {isa = PBXFileReference; lastKnownFileType = sourcecode.swift; path = LoadingViewSpy.swift; sourceTree = "<group>"; };
		CE5FB0D02934F017003C7A37 /* UI.framework */ = {isa = PBXFileReference; explicitFileType = wrapper.framework; includeInIndex = 0; path = UI.framework; sourceTree = BUILT_PRODUCTS_DIR; };
		CE5FB0D72934F018003C7A37 /* UITests.xctest */ = {isa = PBXFileReference; explicitFileType = wrapper.cfbundle; includeInIndex = 0; path = UITests.xctest; sourceTree = BUILT_PRODUCTS_DIR; };
		CE5FB0DC2934F018003C7A37 /* SignUpViewControllerTests.swift */ = {isa = PBXFileReference; lastKnownFileType = sourcecode.swift; path = SignUpViewControllerTests.swift; sourceTree = "<group>"; };
		CE5FB0E52934F456003C7A37 /* SignUpViewController.swift */ = {isa = PBXFileReference; lastKnownFileType = sourcecode.swift; path = SignUpViewController.swift; sourceTree = "<group>"; };
		CE5FB0E9293502EA003C7A37 /* SignUp.storyboard */ = {isa = PBXFileReference; lastKnownFileType = file.storyboard; path = SignUp.storyboard; sourceTree = "<group>"; };
		CE67E7D1292E74F60030EEC3 /* UrlProtocolStub.swift */ = {isa = PBXFileReference; lastKnownFileType = sourcecode.swift; path = UrlProtocolStub.swift; sourceTree = "<group>"; };
		CE67E7D3292E9C540030EEC3 /* AlamofireAdapter.swift */ = {isa = PBXFileReference; lastKnownFileType = sourcecode.swift; path = AlamofireAdapter.swift; sourceTree = "<group>"; };
		CE745EC42927F54400EB89AC /* Model.swift */ = {isa = PBXFileReference; lastKnownFileType = sourcecode.swift; path = Model.swift; sourceTree = "<group>"; };
		CE745EC629280CFC00EB89AC /* RemoteAddAccount.swift */ = {isa = PBXFileReference; lastKnownFileType = sourcecode.swift; path = RemoteAddAccount.swift; sourceTree = "<group>"; };
		CE745EC829280D5F00EB89AC /* HttpPostClient.swift */ = {isa = PBXFileReference; lastKnownFileType = sourcecode.swift; path = HttpPostClient.swift; sourceTree = "<group>"; };
/* End PBXFileReference section */

/* Begin PBXFrameworksBuildPhase section */
		CE46E0752922B76F007E5474 /* Frameworks */ = {
			isa = PBXFrameworksBuildPhase;
			buildActionMask = 2147483647;
			files = (
			);
			runOnlyForDeploymentPostprocessing = 0;
		};
		CE46E0872922B97C007E5474 /* Frameworks */ = {
			isa = PBXFrameworksBuildPhase;
			buildActionMask = 2147483647;
			files = (
				CE46E0A22922B9B3007E5474 /* Domain.framework in Frameworks */,
			);
			runOnlyForDeploymentPostprocessing = 0;
		};
		CE46E0902922B97C007E5474 /* Frameworks */ = {
			isa = PBXFrameworksBuildPhase;
			buildActionMask = 2147483647;
			files = (
				CE46E0942922B97C007E5474 /* Data.framework in Frameworks */,
			);
			runOnlyForDeploymentPostprocessing = 0;
		};
		CE53CE9E292D4F24006BC971 /* Frameworks */ = {
			isa = PBXFrameworksBuildPhase;
			buildActionMask = 2147483647;
			files = (
				CE53CEB9292D4FCB006BC971 /* Data.framework in Frameworks */,
				CE53CEC0292D5245006BC971 /* Alamofire in Frameworks */,
			);
			runOnlyForDeploymentPostprocessing = 0;
		};
		CE53CEA5292D4F24006BC971 /* Frameworks */ = {
			isa = PBXFrameworksBuildPhase;
			buildActionMask = 2147483647;
			files = (
				CE53CEA9292D4F24006BC971 /* Infra.framework in Frameworks */,
			);
			runOnlyForDeploymentPostprocessing = 0;
		};
		CE5EBE302930DBF800B82B7B /* Frameworks */ = {
			isa = PBXFrameworksBuildPhase;
			buildActionMask = 2147483647;
			files = (
				CE5EBE372930DBF800B82B7B /* Data.framework in Frameworks */,
			);
			runOnlyForDeploymentPostprocessing = 0;
		};
		CE5EBE5D2930E13000B82B7B /* Frameworks */ = {
			isa = PBXFrameworksBuildPhase;
			buildActionMask = 2147483647;
			files = (
			);
			runOnlyForDeploymentPostprocessing = 0;
		};
		CE5EBE642930E13000B82B7B /* Frameworks */ = {
			isa = PBXFrameworksBuildPhase;
			buildActionMask = 2147483647;
			files = (
				CE5EBE682930E13000B82B7B /* Presentation.framework in Frameworks */,
			);
			runOnlyForDeploymentPostprocessing = 0;
		};
		CE5FB0CD2934F017003C7A37 /* Frameworks */ = {
			isa = PBXFrameworksBuildPhase;
			buildActionMask = 2147483647;
			files = (
				CE5FB0EB2935078A003C7A37 /* Presentation.framework in Frameworks */,
			);
			runOnlyForDeploymentPostprocessing = 0;
		};
		CE5FB0D42934F018003C7A37 /* Frameworks */ = {
			isa = PBXFrameworksBuildPhase;
			buildActionMask = 2147483647;
			files = (
				CE5FB0D82934F018003C7A37 /* UI.framework in Frameworks */,
			);
			runOnlyForDeploymentPostprocessing = 0;
		};
/* End PBXFrameworksBuildPhase section */

/* Begin PBXGroup section */
		CE46E04F2922B68A007E5474 = {
			isa = PBXGroup;
			children = (
				CE46E0792922B76F007E5474 /* Domain */,
				CE46E08B2922B97C007E5474 /* Data */,
				CE46E0972922B97C007E5474 /* DataTests */,
				CE53CEA2292D4F24006BC971 /* Infra */,
				CE53CEAC292D4F24006BC971 /* InfraTests */,
				CE5EBE342930DBF800B82B7B /* UseCasesIntegrationTests */,
				CE5EBE612930E13000B82B7B /* Presentation */,
				CE5EBE6B2930E13000B82B7B /* PresentationTests */,
				CE5FB0D12934F017003C7A37 /* UI */,
				CE5FB0DB2934F018003C7A37 /* UITests */,
				CE46E05A2922B68A007E5474 /* Products */,
				CE46E0A12922B9B3007E5474 /* Frameworks */,
			);
			sourceTree = "<group>";
		};
		CE46E05A2922B68A007E5474 /* Products */ = {
			isa = PBXGroup;
			children = (
				CE46E0782922B76F007E5474 /* Domain.framework */,
				CE46E08A2922B97C007E5474 /* Data.framework */,
				CE46E0932922B97C007E5474 /* DataTests.xctest */,
				CE53CEA1292D4F24006BC971 /* Infra.framework */,
				CE53CEA8292D4F24006BC971 /* InfraTests.xctest */,
				CE5EBE332930DBF800B82B7B /* UseCasesIntegrationTests.xctest */,
				CE5EBE602930E13000B82B7B /* Presentation.framework */,
				CE5EBE672930E13000B82B7B /* PresentationTests.xctest */,
				CE5FB0D02934F017003C7A37 /* UI.framework */,
				CE5FB0D72934F018003C7A37 /* UITests.xctest */,
			);
			name = Products;
			sourceTree = "<group>";
		};
		CE46E0792922B76F007E5474 /* Domain */ = {
			isa = PBXGroup;
			children = (
				CE46E07B2922B76F007E5474 /* Domain.docc */,
				CE745ECA29280F3D00EB89AC /* UseCases */,
				CE745ECB29280F5700EB89AC /* Models */,
				CE51AE00292BA1C7006C6B2B /* Errors */,
			);
			path = Domain;
			sourceTree = "<group>";
		};
		CE46E08B2922B97C007E5474 /* Data */ = {
			isa = PBXGroup;
			children = (
				CE46E08D2922B97C007E5474 /* Data.docc */,
				CE745ECC292811E900EB89AC /* UseCase */,
				CE745ECD2928120000EB89AC /* Http */,
				CE51AE05292BBA2B006C6B2B /* Helpers */,
			);
			path = Data;
			sourceTree = "<group>";
		};
		CE46E0972922B97C007E5474 /* DataTests */ = {
			isa = PBXGroup;
			children = (
				CE53CE97292D02F4006BC971 /* Http */,
				CE53CE92292D01F9006BC971 /* Helpers */,
				CE745ECE2928121000EB89AC /* UseCase */,
			);
			path = DataTests;
			sourceTree = "<group>";
		};
		CE46E0A12922B9B3007E5474 /* Frameworks */ = {
			isa = PBXGroup;
			children = (
			);
			name = Frameworks;
			sourceTree = "<group>";
		};
		CE51AE00292BA1C7006C6B2B /* Errors */ = {
			isa = PBXGroup;
			children = (
				CE51ADFE292BA19D006C6B2B /* DomainError.swift */,
			);
			path = Errors;
			sourceTree = "<group>";
		};
		CE51AE05292BBA2B006C6B2B /* Helpers */ = {
			isa = PBXGroup;
			children = (
				CE51AE03292BBA25006C6B2B /* ExtensionHelpers.swift */,
			);
			path = Helpers;
			sourceTree = "<group>";
		};
		CE53CE92292D01F9006BC971 /* Helpers */ = {
			isa = PBXGroup;
			children = (
				CE53CE93292D0257006BC971 /* TestExxtensions.swift */,
				CE53CE95292D02BF006BC971 /* TestFactories.swift */,
				CE53CE9A292D036A006BC971 /* AccountModelFactory.swift */,
			);
			path = Helpers;
			sourceTree = "<group>";
		};
		CE53CE97292D02F4006BC971 /* Http */ = {
			isa = PBXGroup;
			children = (
				CE53CE98292D030D006BC971 /* HttpClientSpy.swift */,
			);
			path = Http;
			sourceTree = "<group>";
		};
		CE53CEA2292D4F24006BC971 /* Infra */ = {
			isa = PBXGroup;
			children = (
				CE67E7D5292E9CF80030EEC3 /* Http */,
			);
			path = Infra;
			sourceTree = "<group>";
		};
		CE53CEAC292D4F24006BC971 /* InfraTests */ = {
			isa = PBXGroup;
			children = (
				CE53CEAD292D4F24006BC971 /* AlamofireAdapterTests.swift */,
				CE67E7D1292E74F60030EEC3 /* UrlProtocolStub.swift */,
			);
			path = InfraTests;
			sourceTree = "<group>";
		};
		CE5EBE342930DBF800B82B7B /* UseCasesIntegrationTests */ = {
			isa = PBXGroup;
			children = (
				CE5EBE352930DBF800B82B7B /* UseCasesIntegrationTests.swift */,
			);
			path = UseCasesIntegrationTests;
			sourceTree = "<group>";
		};
		CE5EBE612930E13000B82B7B /* Presentation */ = {
			isa = PBXGroup;
			children = (
				CE5EBE7B2930FA3000B82B7B /* Validators */,
				CE5EBE772930F6A400B82B7B /* Views */,
				CE5EBE7A2930F6D200B82B7B /* Presenter */,
			);
			path = Presentation;
			sourceTree = "<group>";
		};
		CE5EBE6B2930E13000B82B7B /* PresentationTests */ = {
			isa = PBXGroup;
			children = (
				CE5FB0C62934EDB9003C7A37 /* Validators */,
				CE5FB0C32934ED4E003C7A37 /* Views */,
				CE5EBE832931338300B82B7B /* Helpers */,
				CE5EBE7E293132FD00B82B7B /* UseCases */,
				CE5FB0C12934ECBA003C7A37 /* Presenters */,
			);
			path = PresentationTests;
			sourceTree = "<group>";
		};
		CE5EBE772930F6A400B82B7B /* Views */ = {
			isa = PBXGroup;
			children = (
				CE5EBE782930F6B700B82B7B /* AlertView.swift */,
				CE5FB0BA2934CB74003C7A37 /* LoadingView.swift */,
			);
			path = Views;
			sourceTree = "<group>";
		};
		CE5EBE7A2930F6D200B82B7B /* Presenter */ = {
			isa = PBXGroup;
			children = (
				CE5FB0BC2934E113003C7A37 /* SignUp */,
			);
			path = Presenter;
			sourceTree = "<group>";
		};
		CE5EBE7B2930FA3000B82B7B /* Validators */ = {
			isa = PBXGroup;
			children = (
				CE5EBE7C2930FA4900B82B7B /* EmailValidator.swift */,
			);
			path = Validators;
			sourceTree = "<group>";
		};
		CE5EBE7E293132FD00B82B7B /* UseCases */ = {
			isa = PBXGroup;
			children = (
				CE5EBE7F2931331400B82B7B /* AuthenticationSpy.swift */,
				CE5EBE812931333500B82B7B /* AddAccountSpy.swift */,
			);
			path = UseCases;
			sourceTree = "<group>";
		};
		CE5EBE832931338300B82B7B /* Helpers */ = {
			isa = PBXGroup;
			children = (
				CE5EBE842931339E00B82B7B /* TestFactories.swift */,
			);
			path = Helpers;
			sourceTree = "<group>";
		};
		CE5FB0BC2934E113003C7A37 /* SignUp */ = {
			isa = PBXGroup;
			children = (
				CE5EBE752930F61300B82B7B /* SignUpPresenter.swift */,
				CE5FB0BD2934E124003C7A37 /* SignUpViewModel.swift */,
				CE5FB0BF2934E190003C7A37 /* SignUpMapper.swift */,
			);
			path = SignUp;
			sourceTree = "<group>";
		};
		CE5FB0C12934ECBA003C7A37 /* Presenters */ = {
			isa = PBXGroup;
			children = (
				CE5FB0C22934ECF4003C7A37 /* SignUp */,
			);
			path = Presenters;
			sourceTree = "<group>";
		};
		CE5FB0C22934ECF4003C7A37 /* SignUp */ = {
			isa = PBXGroup;
			children = (
				CE5EBE6C2930E13000B82B7B /* SignUpPresenterTests.swift */,
			);
			path = SignUp;
			sourceTree = "<group>";
		};
		CE5FB0C32934ED4E003C7A37 /* Views */ = {
			isa = PBXGroup;
			children = (
				CE5FB0C42934ED72003C7A37 /* AlertViewSpy.swift */,
				CE5FB0C92934EE78003C7A37 /* LoadingViewSpy.swift */,
			);
			path = Views;
			sourceTree = "<group>";
		};
		CE5FB0C62934EDB9003C7A37 /* Validators */ = {
			isa = PBXGroup;
			children = (
				CE5FB0C72934EDD6003C7A37 /* EmailValidatorSpy.swift */,
			);
			path = Validators;
			sourceTree = "<group>";
		};
		CE5FB0D12934F017003C7A37 /* UI */ = {
			isa = PBXGroup;
			children = (
				CE5FB0E52934F456003C7A37 /* SignUpViewController.swift */,
				CE5FB0E9293502EA003C7A37 /* SignUp.storyboard */,
			);
			path = UI;
			sourceTree = "<group>";
		};
		CE5FB0DB2934F018003C7A37 /* UITests */ = {
			isa = PBXGroup;
			children = (
				CE5FB0DC2934F018003C7A37 /* SignUpViewControllerTests.swift */,
			);
			path = UITests;
			sourceTree = "<group>";
		};
		CE67E7D5292E9CF80030EEC3 /* Http */ = {
			isa = PBXGroup;
			children = (
				CE67E7D3292E9C540030EEC3 /* AlamofireAdapter.swift */,
			);
			path = Http;
			sourceTree = "<group>";
		};
		CE745ECA29280F3D00EB89AC /* UseCases */ = {
			isa = PBXGroup;
			children = (
				CE46E0812922B801007E5474 /* AddAccount.swift */,
			);
			path = UseCases;
			sourceTree = "<group>";
		};
		CE745ECB29280F5700EB89AC /* Models */ = {
			isa = PBXGroup;
			children = (
				CE46E0832922B90B007E5474 /* AccountModel.swift */,
				CE745EC42927F54400EB89AC /* Model.swift */,
			);
			path = Models;
			sourceTree = "<group>";
		};
		CE745ECC292811E900EB89AC /* UseCase */ = {
			isa = PBXGroup;
			children = (
				CE745EC629280CFC00EB89AC /* RemoteAddAccount.swift */,
			);
			path = UseCase;
			sourceTree = "<group>";
		};
		CE745ECD2928120000EB89AC /* Http */ = {
			isa = PBXGroup;
			children = (
				CE745EC829280D5F00EB89AC /* HttpPostClient.swift */,
				CE51AE01292BA1FB006C6B2B /* HttpError.swift */,
			);
			path = Http;
			sourceTree = "<group>";
		};
		CE745ECE2928121000EB89AC /* UseCase */ = {
			isa = PBXGroup;
			children = (
				CE46E0982922B97C007E5474 /* RemoteAddAccountTests.swift */,
			);
			path = UseCase;
			sourceTree = "<group>";
		};
/* End PBXGroup section */

/* Begin PBXHeadersBuildPhase section */
		CE46E0732922B76F007E5474 /* Headers */ = {
			isa = PBXHeadersBuildPhase;
			buildActionMask = 2147483647;
			files = (
			);
			runOnlyForDeploymentPostprocessing = 0;
		};
		CE46E0852922B97C007E5474 /* Headers */ = {
			isa = PBXHeadersBuildPhase;
			buildActionMask = 2147483647;
			files = (
			);
			runOnlyForDeploymentPostprocessing = 0;
		};
		CE53CE9C292D4F24006BC971 /* Headers */ = {
			isa = PBXHeadersBuildPhase;
			buildActionMask = 2147483647;
			files = (
			);
			runOnlyForDeploymentPostprocessing = 0;
		};
		CE5EBE5B2930E13000B82B7B /* Headers */ = {
			isa = PBXHeadersBuildPhase;
			buildActionMask = 2147483647;
			files = (
			);
			runOnlyForDeploymentPostprocessing = 0;
		};
		CE5FB0CB2934F017003C7A37 /* Headers */ = {
			isa = PBXHeadersBuildPhase;
			buildActionMask = 2147483647;
			files = (
			);
			runOnlyForDeploymentPostprocessing = 0;
		};
/* End PBXHeadersBuildPhase section */

/* Begin PBXNativeTarget section */
		CE46E0772922B76F007E5474 /* Domain */ = {
			isa = PBXNativeTarget;
			buildConfigurationList = CE46E07E2922B76F007E5474 /* Build configuration list for PBXNativeTarget "Domain" */;
			buildPhases = (
				CE46E0732922B76F007E5474 /* Headers */,
				CE46E0742922B76F007E5474 /* Sources */,
				CE46E0752922B76F007E5474 /* Frameworks */,
				CE46E0762922B76F007E5474 /* Resources */,
			);
			buildRules = (
			);
			dependencies = (
			);
			name = Domain;
			productName = Domain;
			productReference = CE46E0782922B76F007E5474 /* Domain.framework */;
			productType = "com.apple.product-type.framework";
		};
		CE46E0892922B97C007E5474 /* Data */ = {
			isa = PBXNativeTarget;
			buildConfigurationList = CE46E09B2922B97C007E5474 /* Build configuration list for PBXNativeTarget "Data" */;
			buildPhases = (
				CE46E0852922B97C007E5474 /* Headers */,
				CE46E0862922B97C007E5474 /* Sources */,
				CE46E0872922B97C007E5474 /* Frameworks */,
				CE46E0882922B97C007E5474 /* Resources */,
				CE46E0A62922B9B3007E5474 /* Embed Frameworks */,
			);
			buildRules = (
			);
			dependencies = (
				CE46E0A52922B9B3007E5474 /* PBXTargetDependency */,
			);
			name = Data;
			productName = Data;
			productReference = CE46E08A2922B97C007E5474 /* Data.framework */;
			productType = "com.apple.product-type.framework";
		};
		CE46E0922922B97C007E5474 /* DataTests */ = {
			isa = PBXNativeTarget;
			buildConfigurationList = CE46E09E2922B97C007E5474 /* Build configuration list for PBXNativeTarget "DataTests" */;
			buildPhases = (
				CE46E08F2922B97C007E5474 /* Sources */,
				CE46E0902922B97C007E5474 /* Frameworks */,
				CE46E0912922B97C007E5474 /* Resources */,
			);
			buildRules = (
			);
			dependencies = (
				CE46E0962922B97C007E5474 /* PBXTargetDependency */,
			);
			name = DataTests;
			productName = DataTests;
			productReference = CE46E0932922B97C007E5474 /* DataTests.xctest */;
			productType = "com.apple.product-type.bundle.unit-test";
		};
		CE53CEA0292D4F24006BC971 /* Infra */ = {
			isa = PBXNativeTarget;
			buildConfigurationList = CE53CEB0292D4F24006BC971 /* Build configuration list for PBXNativeTarget "Infra" */;
			buildPhases = (
				CE53CE9C292D4F24006BC971 /* Headers */,
				CE53CE9D292D4F24006BC971 /* Sources */,
				CE53CE9E292D4F24006BC971 /* Frameworks */,
				CE53CE9F292D4F24006BC971 /* Resources */,
				CE53CEBD292D4FCB006BC971 /* Embed Frameworks */,
			);
			buildRules = (
			);
			dependencies = (
				CE53CEBC292D4FCB006BC971 /* PBXTargetDependency */,
			);
			name = Infra;
			packageProductDependencies = (
				CE53CEBF292D5245006BC971 /* Alamofire */,
			);
			productName = Infra;
			productReference = CE53CEA1292D4F24006BC971 /* Infra.framework */;
			productType = "com.apple.product-type.framework";
		};
		CE53CEA7292D4F24006BC971 /* InfraTests */ = {
			isa = PBXNativeTarget;
			buildConfigurationList = CE53CEB3292D4F24006BC971 /* Build configuration list for PBXNativeTarget "InfraTests" */;
			buildPhases = (
				CE53CEA4292D4F24006BC971 /* Sources */,
				CE53CEA5292D4F24006BC971 /* Frameworks */,
				CE53CEA6292D4F24006BC971 /* Resources */,
			);
			buildRules = (
			);
			dependencies = (
				CE53CEAB292D4F24006BC971 /* PBXTargetDependency */,
			);
			name = InfraTests;
			productName = InfraTests;
			productReference = CE53CEA8292D4F24006BC971 /* InfraTests.xctest */;
			productType = "com.apple.product-type.bundle.unit-test";
		};
		CE5EBE322930DBF800B82B7B /* UseCasesIntegrationTests */ = {
			isa = PBXNativeTarget;
			buildConfigurationList = CE5EBE3C2930DBF800B82B7B /* Build configuration list for PBXNativeTarget "UseCasesIntegrationTests" */;
			buildPhases = (
				CE5EBE2F2930DBF800B82B7B /* Sources */,
				CE5EBE302930DBF800B82B7B /* Frameworks */,
				CE5EBE312930DBF800B82B7B /* Resources */,
			);
			buildRules = (
			);
			dependencies = (
				CE5EBE3E2930DC1C00B82B7B /* PBXTargetDependency */,
				CE5EBE402930DC1C00B82B7B /* PBXTargetDependency */,
				CE5EBE392930DBF800B82B7B /* PBXTargetDependency */,
			);
			name = UseCasesIntegrationTests;
			productName = UseCasesIntegrationTests;
			productReference = CE5EBE332930DBF800B82B7B /* UseCasesIntegrationTests.xctest */;
			productType = "com.apple.product-type.bundle.unit-test";
		};
		CE5EBE5F2930E13000B82B7B /* Presentation */ = {
			isa = PBXNativeTarget;
			buildConfigurationList = CE5EBE6F2930E13000B82B7B /* Build configuration list for PBXNativeTarget "Presentation" */;
			buildPhases = (
				CE5EBE5B2930E13000B82B7B /* Headers */,
				CE5EBE5C2930E13000B82B7B /* Sources */,
				CE5EBE5D2930E13000B82B7B /* Frameworks */,
				CE5EBE5E2930E13000B82B7B /* Resources */,
			);
			buildRules = (
			);
			dependencies = (
			);
			name = Presentation;
			productName = Presentation;
			productReference = CE5EBE602930E13000B82B7B /* Presentation.framework */;
			productType = "com.apple.product-type.framework";
		};
		CE5EBE662930E13000B82B7B /* PresentationTests */ = {
			isa = PBXNativeTarget;
			buildConfigurationList = CE5EBE722930E13000B82B7B /* Build configuration list for PBXNativeTarget "PresentationTests" */;
			buildPhases = (
				CE5EBE632930E13000B82B7B /* Sources */,
				CE5EBE642930E13000B82B7B /* Frameworks */,
				CE5EBE652930E13000B82B7B /* Resources */,
			);
			buildRules = (
			);
			dependencies = (
				CE5EBE6A2930E13000B82B7B /* PBXTargetDependency */,
			);
			name = PresentationTests;
			productName = PresentationTests;
			productReference = CE5EBE672930E13000B82B7B /* PresentationTests.xctest */;
			productType = "com.apple.product-type.bundle.unit-test";
		};
		CE5FB0CF2934F017003C7A37 /* UI */ = {
			isa = PBXNativeTarget;
			buildConfigurationList = CE5FB0DF2934F018003C7A37 /* Build configuration list for PBXNativeTarget "UI" */;
			buildPhases = (
				CE5FB0CB2934F017003C7A37 /* Headers */,
				CE5FB0CC2934F017003C7A37 /* Sources */,
				CE5FB0CD2934F017003C7A37 /* Frameworks */,
				CE5FB0CE2934F017003C7A37 /* Resources */,
				CE5FB0EF2935078A003C7A37 /* Embed Frameworks */,
			);
			buildRules = (
			);
			dependencies = (
				CE5FB0EE2935078A003C7A37 /* PBXTargetDependency */,
			);
			name = UI;
			productName = UI;
			productReference = CE5FB0D02934F017003C7A37 /* UI.framework */;
			productType = "com.apple.product-type.framework";
		};
		CE5FB0D62934F018003C7A37 /* UITests */ = {
			isa = PBXNativeTarget;
			buildConfigurationList = CE5FB0E22934F018003C7A37 /* Build configuration list for PBXNativeTarget "UITests" */;
			buildPhases = (
				CE5FB0D32934F018003C7A37 /* Sources */,
				CE5FB0D42934F018003C7A37 /* Frameworks */,
				CE5FB0D52934F018003C7A37 /* Resources */,
			);
			buildRules = (
			);
			dependencies = (
				CE5FB0DA2934F018003C7A37 /* PBXTargetDependency */,
			);
			name = UITests;
			productName = UITests;
			productReference = CE5FB0D72934F018003C7A37 /* UITests.xctest */;
			productType = "com.apple.product-type.bundle.unit-test";
		};
/* End PBXNativeTarget section */

/* Begin PBXProject section */
		CE46E0502922B68A007E5474 /* Project object */ = {
			isa = PBXProject;
			attributes = {
				BuildIndependentTargetsInParallel = 1;
				LastSwiftUpdateCheck = 1320;
				LastUpgradeCheck = 1320;
				TargetAttributes = {
					CE46E0772922B76F007E5474 = {
						CreatedOnToolsVersion = 13.2.1;
					};
					CE46E0892922B97C007E5474 = {
						CreatedOnToolsVersion = 13.2.1;
					};
					CE46E0922922B97C007E5474 = {
						CreatedOnToolsVersion = 13.2.1;
					};
					CE53CEA0292D4F24006BC971 = {
						CreatedOnToolsVersion = 13.2.1;
						LastSwiftMigration = 1320;
					};
					CE53CEA7292D4F24006BC971 = {
						CreatedOnToolsVersion = 13.2.1;
					};
					CE5EBE322930DBF800B82B7B = {
						CreatedOnToolsVersion = 13.2.1;
					};
					CE5EBE5F2930E13000B82B7B = {
						CreatedOnToolsVersion = 13.2.1;
						LastSwiftMigration = 1320;
					};
					CE5EBE662930E13000B82B7B = {
						CreatedOnToolsVersion = 13.2.1;
					};
					CE5FB0CF2934F017003C7A37 = {
						CreatedOnToolsVersion = 13.2.1;
						LastSwiftMigration = 1320;
					};
					CE5FB0D62934F018003C7A37 = {
						CreatedOnToolsVersion = 13.2.1;
					};
				};
			};
			buildConfigurationList = CE46E0532922B68A007E5474 /* Build configuration list for PBXProject "swift_tdd" */;
			compatibilityVersion = "Xcode 13.0";
			developmentRegion = en;
			hasScannedForEncodings = 0;
			knownRegions = (
				en,
				Base,
			);
			mainGroup = CE46E04F2922B68A007E5474;
			packageReferences = (
				CE53CEBE292D5245006BC971 /* XCRemoteSwiftPackageReference "Alamofire" */,
			);
			productRefGroup = CE46E05A2922B68A007E5474 /* Products */;
			projectDirPath = "";
			projectRoot = "";
			targets = (
				CE46E0772922B76F007E5474 /* Domain */,
				CE46E0892922B97C007E5474 /* Data */,
				CE46E0922922B97C007E5474 /* DataTests */,
				CE53CEA0292D4F24006BC971 /* Infra */,
				CE53CEA7292D4F24006BC971 /* InfraTests */,
				CE5EBE322930DBF800B82B7B /* UseCasesIntegrationTests */,
				CE5EBE5F2930E13000B82B7B /* Presentation */,
				CE5EBE662930E13000B82B7B /* PresentationTests */,
				CE5FB0CF2934F017003C7A37 /* UI */,
				CE5FB0D62934F018003C7A37 /* UITests */,
			);
		};
/* End PBXProject section */

/* Begin PBXResourcesBuildPhase section */
		CE46E0762922B76F007E5474 /* Resources */ = {
			isa = PBXResourcesBuildPhase;
			buildActionMask = 2147483647;
			files = (
			);
			runOnlyForDeploymentPostprocessing = 0;
		};
		CE46E0882922B97C007E5474 /* Resources */ = {
			isa = PBXResourcesBuildPhase;
			buildActionMask = 2147483647;
			files = (
			);
			runOnlyForDeploymentPostprocessing = 0;
		};
		CE46E0912922B97C007E5474 /* Resources */ = {
			isa = PBXResourcesBuildPhase;
			buildActionMask = 2147483647;
			files = (
			);
			runOnlyForDeploymentPostprocessing = 0;
		};
		CE53CE9F292D4F24006BC971 /* Resources */ = {
			isa = PBXResourcesBuildPhase;
			buildActionMask = 2147483647;
			files = (
			);
			runOnlyForDeploymentPostprocessing = 0;
		};
		CE53CEA6292D4F24006BC971 /* Resources */ = {
			isa = PBXResourcesBuildPhase;
			buildActionMask = 2147483647;
			files = (
			);
			runOnlyForDeploymentPostprocessing = 0;
		};
		CE5EBE312930DBF800B82B7B /* Resources */ = {
			isa = PBXResourcesBuildPhase;
			buildActionMask = 2147483647;
			files = (
			);
			runOnlyForDeploymentPostprocessing = 0;
		};
		CE5EBE5E2930E13000B82B7B /* Resources */ = {
			isa = PBXResourcesBuildPhase;
			buildActionMask = 2147483647;
			files = (
			);
			runOnlyForDeploymentPostprocessing = 0;
		};
		CE5EBE652930E13000B82B7B /* Resources */ = {
			isa = PBXResourcesBuildPhase;
			buildActionMask = 2147483647;
			files = (
			);
			runOnlyForDeploymentPostprocessing = 0;
		};
		CE5FB0CE2934F017003C7A37 /* Resources */ = {
			isa = PBXResourcesBuildPhase;
			buildActionMask = 2147483647;
			files = (
				CE5FB0EA293502EA003C7A37 /* SignUp.storyboard in Resources */,
			);
			runOnlyForDeploymentPostprocessing = 0;
		};
		CE5FB0D52934F018003C7A37 /* Resources */ = {
			isa = PBXResourcesBuildPhase;
			buildActionMask = 2147483647;
			files = (
			);
			runOnlyForDeploymentPostprocessing = 0;
		};
/* End PBXResourcesBuildPhase section */

/* Begin PBXSourcesBuildPhase section */
		CE46E0742922B76F007E5474 /* Sources */ = {
			isa = PBXSourcesBuildPhase;
			buildActionMask = 2147483647;
			files = (
				CE51ADFF292BA19D006C6B2B /* DomainError.swift in Sources */,
				CE46E0822922B801007E5474 /* AddAccount.swift in Sources */,
				CE46E0842922B90B007E5474 /* AccountModel.swift in Sources */,
				CE46E07C2922B76F007E5474 /* Domain.docc in Sources */,
				CE745EC52927F54400EB89AC /* Model.swift in Sources */,
			);
			runOnlyForDeploymentPostprocessing = 0;
		};
		CE46E0862922B97C007E5474 /* Sources */ = {
			isa = PBXSourcesBuildPhase;
			buildActionMask = 2147483647;
			files = (
				CE51AE02292BA1FB006C6B2B /* HttpError.swift in Sources */,
				CE46E08E2922B97C007E5474 /* Data.docc in Sources */,
				CE745EC929280D5F00EB89AC /* HttpPostClient.swift in Sources */,
				CE51AE04292BBA25006C6B2B /* ExtensionHelpers.swift in Sources */,
				CE745EC729280CFC00EB89AC /* RemoteAddAccount.swift in Sources */,
			);
			runOnlyForDeploymentPostprocessing = 0;
		};
		CE46E08F2922B97C007E5474 /* Sources */ = {
			isa = PBXSourcesBuildPhase;
			buildActionMask = 2147483647;
			files = (
				CE53CE96292D02BF006BC971 /* TestFactories.swift in Sources */,
				CE53CE99292D030D006BC971 /* HttpClientSpy.swift in Sources */,
				CE53CE94292D0257006BC971 /* TestExxtensions.swift in Sources */,
				CE53CE9B292D036A006BC971 /* AccountModelFactory.swift in Sources */,
				CE46E0992922B97C007E5474 /* RemoteAddAccountTests.swift in Sources */,
			);
			runOnlyForDeploymentPostprocessing = 0;
		};
		CE53CE9D292D4F24006BC971 /* Sources */ = {
			isa = PBXSourcesBuildPhase;
			buildActionMask = 2147483647;
			files = (
				CE67E7D4292E9C540030EEC3 /* AlamofireAdapter.swift in Sources */,
			);
			runOnlyForDeploymentPostprocessing = 0;
		};
		CE53CEA4292D4F24006BC971 /* Sources */ = {
			isa = PBXSourcesBuildPhase;
			buildActionMask = 2147483647;
			files = (
				CE53CEB8292D4F9F006BC971 /* TestFactories.swift in Sources */,
				CE53CEB7292D4F9C006BC971 /* TestExxtensions.swift in Sources */,
				CE53CEAE292D4F24006BC971 /* AlamofireAdapterTests.swift in Sources */,
				CE67E7D2292E74F60030EEC3 /* UrlProtocolStub.swift in Sources */,
			);
			runOnlyForDeploymentPostprocessing = 0;
		};
		CE5EBE2F2930DBF800B82B7B /* Sources */ = {
			isa = PBXSourcesBuildPhase;
			buildActionMask = 2147483647;
			files = (
				CE5EBE362930DBF800B82B7B /* UseCasesIntegrationTests.swift in Sources */,
			);
			runOnlyForDeploymentPostprocessing = 0;
		};
		CE5EBE5C2930E13000B82B7B /* Sources */ = {
			isa = PBXSourcesBuildPhase;
			buildActionMask = 2147483647;
			files = (
				CE5FB0C02934E190003C7A37 /* SignUpMapper.swift in Sources */,
				CE5EBE762930F61300B82B7B /* SignUpPresenter.swift in Sources */,
				CE5FB0BB2934CB74003C7A37 /* LoadingView.swift in Sources */,
				CE5FB0BE2934E124003C7A37 /* SignUpViewModel.swift in Sources */,
				CE5EBE792930F6B700B82B7B /* AlertView.swift in Sources */,
				CE5EBE7D2930FA4900B82B7B /* EmailValidator.swift in Sources */,
			);
			runOnlyForDeploymentPostprocessing = 0;
		};
		CE5EBE632930E13000B82B7B /* Sources */ = {
			isa = PBXSourcesBuildPhase;
			buildActionMask = 2147483647;
			files = (
				CE5EBE822931333500B82B7B /* AddAccountSpy.swift in Sources */,
				CE5EBE802931331400B82B7B /* AuthenticationSpy.swift in Sources */,
				CE5FB0CA2934EE78003C7A37 /* LoadingViewSpy.swift in Sources */,
				CE5FB0B92934C93C003C7A37 /* TestExxtensions.swift in Sources */,
				CE5EBE852931339E00B82B7B /* TestFactories.swift in Sources */,
				CE5FB0C82934EDD6003C7A37 /* EmailValidatorSpy.swift in Sources */,
				CE5EBE86293134B900B82B7B /* AccountModelFactory.swift in Sources */,
				CE5FB0C52934ED72003C7A37 /* AlertViewSpy.swift in Sources */,
				CE5EBE6D2930E13000B82B7B /* SignUpPresenterTests.swift in Sources */,
			);
			runOnlyForDeploymentPostprocessing = 0;
		};
		CE5FB0CC2934F017003C7A37 /* Sources */ = {
			isa = PBXSourcesBuildPhase;
			buildActionMask = 2147483647;
			files = (
				CE5FB0E62934F456003C7A37 /* SignUpViewController.swift in Sources */,
			);
			runOnlyForDeploymentPostprocessing = 0;
		};
		CE5FB0D32934F018003C7A37 /* Sources */ = {
			isa = PBXSourcesBuildPhase;
			buildActionMask = 2147483647;
			files = (
				CE5FB0DD2934F018003C7A37 /* SignUpViewControllerTests.swift in Sources */,
			);
			runOnlyForDeploymentPostprocessing = 0;
		};
/* End PBXSourcesBuildPhase section */

/* Begin PBXTargetDependency section */
		CE46E0962922B97C007E5474 /* PBXTargetDependency */ = {
			isa = PBXTargetDependency;
			target = CE46E0892922B97C007E5474 /* Data */;
			targetProxy = CE46E0952922B97C007E5474 /* PBXContainerItemProxy */;
		};
		CE46E0A52922B9B3007E5474 /* PBXTargetDependency */ = {
			isa = PBXTargetDependency;
			target = CE46E0772922B76F007E5474 /* Domain */;
			targetProxy = CE46E0A42922B9B3007E5474 /* PBXContainerItemProxy */;
		};
		CE53CEAB292D4F24006BC971 /* PBXTargetDependency */ = {
			isa = PBXTargetDependency;
			target = CE53CEA0292D4F24006BC971 /* Infra */;
			targetProxy = CE53CEAA292D4F24006BC971 /* PBXContainerItemProxy */;
		};
		CE53CEBC292D4FCB006BC971 /* PBXTargetDependency */ = {
			isa = PBXTargetDependency;
			target = CE46E0892922B97C007E5474 /* Data */;
			targetProxy = CE53CEBB292D4FCB006BC971 /* PBXContainerItemProxy */;
		};
		CE5EBE392930DBF800B82B7B /* PBXTargetDependency */ = {
			isa = PBXTargetDependency;
			target = CE46E0892922B97C007E5474 /* Data */;
			targetProxy = CE5EBE382930DBF800B82B7B /* PBXContainerItemProxy */;
		};
		CE5EBE3E2930DC1C00B82B7B /* PBXTargetDependency */ = {
			isa = PBXTargetDependency;
			target = CE46E0772922B76F007E5474 /* Domain */;
			targetProxy = CE5EBE3D2930DC1C00B82B7B /* PBXContainerItemProxy */;
		};
		CE5EBE402930DC1C00B82B7B /* PBXTargetDependency */ = {
			isa = PBXTargetDependency;
			target = CE53CEA0292D4F24006BC971 /* Infra */;
			targetProxy = CE5EBE3F2930DC1C00B82B7B /* PBXContainerItemProxy */;
		};
		CE5EBE6A2930E13000B82B7B /* PBXTargetDependency */ = {
			isa = PBXTargetDependency;
			target = CE5EBE5F2930E13000B82B7B /* Presentation */;
			targetProxy = CE5EBE692930E13000B82B7B /* PBXContainerItemProxy */;
		};
		CE5FB0DA2934F018003C7A37 /* PBXTargetDependency */ = {
			isa = PBXTargetDependency;
			target = CE5FB0CF2934F017003C7A37 /* UI */;
			targetProxy = CE5FB0D92934F018003C7A37 /* PBXContainerItemProxy */;
		};
		CE5FB0EE2935078A003C7A37 /* PBXTargetDependency */ = {
			isa = PBXTargetDependency;
			platformFilter = ios;
			target = CE5EBE5F2930E13000B82B7B /* Presentation */;
			targetProxy = CE5FB0ED2935078A003C7A37 /* PBXContainerItemProxy */;
		};
/* End PBXTargetDependency section */

/* Begin XCBuildConfiguration section */
		CE46E06B2922B68A007E5474 /* Debug */ = {
			isa = XCBuildConfiguration;
			buildSettings = {
				ALWAYS_SEARCH_USER_PATHS = NO;
				CLANG_ANALYZER_NONNULL = YES;
				CLANG_ANALYZER_NUMBER_OBJECT_CONVERSION = YES_AGGRESSIVE;
				CLANG_CXX_LANGUAGE_STANDARD = "gnu++17";
				CLANG_CXX_LIBRARY = "libc++";
				CLANG_ENABLE_MODULES = YES;
				CLANG_ENABLE_OBJC_ARC = YES;
				CLANG_ENABLE_OBJC_WEAK = YES;
				CLANG_WARN_BLOCK_CAPTURE_AUTORELEASING = YES;
				CLANG_WARN_BOOL_CONVERSION = YES;
				CLANG_WARN_COMMA = YES;
				CLANG_WARN_CONSTANT_CONVERSION = YES;
				CLANG_WARN_DEPRECATED_OBJC_IMPLEMENTATIONS = YES;
				CLANG_WARN_DIRECT_OBJC_ISA_USAGE = YES_ERROR;
				CLANG_WARN_DOCUMENTATION_COMMENTS = YES;
				CLANG_WARN_EMPTY_BODY = YES;
				CLANG_WARN_ENUM_CONVERSION = YES;
				CLANG_WARN_INFINITE_RECURSION = YES;
				CLANG_WARN_INT_CONVERSION = YES;
				CLANG_WARN_NON_LITERAL_NULL_CONVERSION = YES;
				CLANG_WARN_OBJC_IMPLICIT_RETAIN_SELF = YES;
				CLANG_WARN_OBJC_LITERAL_CONVERSION = YES;
				CLANG_WARN_OBJC_ROOT_CLASS = YES_ERROR;
				CLANG_WARN_QUOTED_INCLUDE_IN_FRAMEWORK_HEADER = YES;
				CLANG_WARN_RANGE_LOOP_ANALYSIS = YES;
				CLANG_WARN_STRICT_PROTOTYPES = YES;
				CLANG_WARN_SUSPICIOUS_MOVE = YES;
				CLANG_WARN_UNGUARDED_AVAILABILITY = YES_AGGRESSIVE;
				CLANG_WARN_UNREACHABLE_CODE = YES;
				CLANG_WARN__DUPLICATE_METHOD_MATCH = YES;
				COPY_PHASE_STRIP = NO;
				CURRENT_PROJECT_VERSION = 1;
				DEBUG_INFORMATION_FORMAT = dwarf;
				ENABLE_STRICT_OBJC_MSGSEND = YES;
				ENABLE_TESTABILITY = YES;
				GCC_C_LANGUAGE_STANDARD = gnu11;
				GCC_DYNAMIC_NO_PIC = NO;
				GCC_NO_COMMON_BLOCKS = YES;
				GCC_OPTIMIZATION_LEVEL = 0;
				GCC_PREPROCESSOR_DEFINITIONS = (
					"DEBUG=1",
					"$(inherited)",
				);
				GCC_WARN_64_TO_32_BIT_CONVERSION = YES;
				GCC_WARN_ABOUT_RETURN_TYPE = YES_ERROR;
				GCC_WARN_UNDECLARED_SELECTOR = YES;
				GCC_WARN_UNINITIALIZED_AUTOS = YES_AGGRESSIVE;
				GCC_WARN_UNUSED_FUNCTION = YES;
				GCC_WARN_UNUSED_VARIABLE = YES;
				IPHONEOS_DEPLOYMENT_TARGET = 15.2;
				MTL_ENABLE_DEBUG_INFO = INCLUDE_SOURCE;
				MTL_FAST_MATH = YES;
				ONLY_ACTIVE_ARCH = YES;
				SDKROOT = iphoneos;
				SWIFT_ACTIVE_COMPILATION_CONDITIONS = DEBUG;
				SWIFT_OPTIMIZATION_LEVEL = "-Onone";
				VERSIONING_SYSTEM = "apple-generic";
				VERSION_INFO_PREFIX = "";
			};
			name = Debug;
		};
		CE46E06C2922B68A007E5474 /* Release */ = {
			isa = XCBuildConfiguration;
			buildSettings = {
				ALWAYS_SEARCH_USER_PATHS = NO;
				CLANG_ANALYZER_NONNULL = YES;
				CLANG_ANALYZER_NUMBER_OBJECT_CONVERSION = YES_AGGRESSIVE;
				CLANG_CXX_LANGUAGE_STANDARD = "gnu++17";
				CLANG_CXX_LIBRARY = "libc++";
				CLANG_ENABLE_MODULES = YES;
				CLANG_ENABLE_OBJC_ARC = YES;
				CLANG_ENABLE_OBJC_WEAK = YES;
				CLANG_WARN_BLOCK_CAPTURE_AUTORELEASING = YES;
				CLANG_WARN_BOOL_CONVERSION = YES;
				CLANG_WARN_COMMA = YES;
				CLANG_WARN_CONSTANT_CONVERSION = YES;
				CLANG_WARN_DEPRECATED_OBJC_IMPLEMENTATIONS = YES;
				CLANG_WARN_DIRECT_OBJC_ISA_USAGE = YES_ERROR;
				CLANG_WARN_DOCUMENTATION_COMMENTS = YES;
				CLANG_WARN_EMPTY_BODY = YES;
				CLANG_WARN_ENUM_CONVERSION = YES;
				CLANG_WARN_INFINITE_RECURSION = YES;
				CLANG_WARN_INT_CONVERSION = YES;
				CLANG_WARN_NON_LITERAL_NULL_CONVERSION = YES;
				CLANG_WARN_OBJC_IMPLICIT_RETAIN_SELF = YES;
				CLANG_WARN_OBJC_LITERAL_CONVERSION = YES;
				CLANG_WARN_OBJC_ROOT_CLASS = YES_ERROR;
				CLANG_WARN_QUOTED_INCLUDE_IN_FRAMEWORK_HEADER = YES;
				CLANG_WARN_RANGE_LOOP_ANALYSIS = YES;
				CLANG_WARN_STRICT_PROTOTYPES = YES;
				CLANG_WARN_SUSPICIOUS_MOVE = YES;
				CLANG_WARN_UNGUARDED_AVAILABILITY = YES_AGGRESSIVE;
				CLANG_WARN_UNREACHABLE_CODE = YES;
				CLANG_WARN__DUPLICATE_METHOD_MATCH = YES;
				COPY_PHASE_STRIP = NO;
				CURRENT_PROJECT_VERSION = 1;
				DEBUG_INFORMATION_FORMAT = "dwarf-with-dsym";
				ENABLE_NS_ASSERTIONS = NO;
				ENABLE_STRICT_OBJC_MSGSEND = YES;
				GCC_C_LANGUAGE_STANDARD = gnu11;
				GCC_NO_COMMON_BLOCKS = YES;
				GCC_WARN_64_TO_32_BIT_CONVERSION = YES;
				GCC_WARN_ABOUT_RETURN_TYPE = YES_ERROR;
				GCC_WARN_UNDECLARED_SELECTOR = YES;
				GCC_WARN_UNINITIALIZED_AUTOS = YES_AGGRESSIVE;
				GCC_WARN_UNUSED_FUNCTION = YES;
				GCC_WARN_UNUSED_VARIABLE = YES;
				IPHONEOS_DEPLOYMENT_TARGET = 15.2;
				MTL_ENABLE_DEBUG_INFO = NO;
				MTL_FAST_MATH = YES;
				SDKROOT = iphoneos;
				SWIFT_COMPILATION_MODE = wholemodule;
				SWIFT_OPTIMIZATION_LEVEL = "-O";
				VALIDATE_PRODUCT = YES;
				VERSIONING_SYSTEM = "apple-generic";
				VERSION_INFO_PREFIX = "";
			};
			name = Release;
		};
		CE46E07F2922B76F007E5474 /* Debug */ = {
			isa = XCBuildConfiguration;
			buildSettings = {
				CODE_SIGN_STYLE = Automatic;
				COMBINE_HIDPI_IMAGES = YES;
				CURRENT_PROJECT_VERSION = 1;
				DEFINES_MODULE = YES;
				DEVELOPMENT_TEAM = TTF5N4JJB8;
				DYLIB_COMPATIBILITY_VERSION = 1;
				DYLIB_CURRENT_VERSION = 1;
				DYLIB_INSTALL_NAME_BASE = "@rpath";
				GENERATE_INFOPLIST_FILE = YES;
				INFOPLIST_KEY_NSHumanReadableCopyright = "";
				INSTALL_PATH = "$(LOCAL_LIBRARY_DIR)/Frameworks";
				LD_RUNPATH_SEARCH_PATHS = (
					"$(inherited)",
					"@executable_path/../Frameworks",
					"@loader_path/Frameworks",
				);
				MACOSX_DEPLOYMENT_TARGET = 12.1;
				MARKETING_VERSION = 1.0;
				PRODUCT_BUNDLE_IDENTIFIER = manhani.Domain;
				PRODUCT_NAME = "$(TARGET_NAME:c99extidentifier)";
				SDKROOT = macosx;
				SKIP_INSTALL = YES;
				SUPPORTED_PLATFORMS = "macosx iphonesimulator iphoneos";
				SWIFT_EMIT_LOC_STRINGS = YES;
				SWIFT_VERSION = 5.0;
			};
			name = Debug;
		};
		CE46E0802922B76F007E5474 /* Release */ = {
			isa = XCBuildConfiguration;
			buildSettings = {
				CODE_SIGN_STYLE = Automatic;
				COMBINE_HIDPI_IMAGES = YES;
				CURRENT_PROJECT_VERSION = 1;
				DEFINES_MODULE = YES;
				DEVELOPMENT_TEAM = TTF5N4JJB8;
				DYLIB_COMPATIBILITY_VERSION = 1;
				DYLIB_CURRENT_VERSION = 1;
				DYLIB_INSTALL_NAME_BASE = "@rpath";
				GENERATE_INFOPLIST_FILE = YES;
				INFOPLIST_KEY_NSHumanReadableCopyright = "";
				INSTALL_PATH = "$(LOCAL_LIBRARY_DIR)/Frameworks";
				LD_RUNPATH_SEARCH_PATHS = (
					"$(inherited)",
					"@executable_path/../Frameworks",
					"@loader_path/Frameworks",
				);
				MACOSX_DEPLOYMENT_TARGET = 12.1;
				MARKETING_VERSION = 1.0;
				PRODUCT_BUNDLE_IDENTIFIER = manhani.Domain;
				PRODUCT_NAME = "$(TARGET_NAME:c99extidentifier)";
				SDKROOT = macosx;
				SKIP_INSTALL = YES;
				SUPPORTED_PLATFORMS = "macosx iphonesimulator iphoneos";
				SWIFT_EMIT_LOC_STRINGS = YES;
				SWIFT_VERSION = 5.0;
			};
			name = Release;
		};
		CE46E09C2922B97C007E5474 /* Debug */ = {
			isa = XCBuildConfiguration;
			buildSettings = {
				CODE_SIGN_STYLE = Automatic;
				COMBINE_HIDPI_IMAGES = YES;
				CURRENT_PROJECT_VERSION = 1;
				DEFINES_MODULE = YES;
				DEVELOPMENT_TEAM = TTF5N4JJB8;
				DYLIB_COMPATIBILITY_VERSION = 1;
				DYLIB_CURRENT_VERSION = 1;
				DYLIB_INSTALL_NAME_BASE = "@rpath";
				GENERATE_INFOPLIST_FILE = YES;
				INFOPLIST_KEY_NSHumanReadableCopyright = "";
				INSTALL_PATH = "$(LOCAL_LIBRARY_DIR)/Frameworks";
				LD_RUNPATH_SEARCH_PATHS = (
					"$(inherited)",
					"@executable_path/../Frameworks",
					"@loader_path/Frameworks",
				);
				MACOSX_DEPLOYMENT_TARGET = 12.1;
				MARKETING_VERSION = 1.0;
				PRODUCT_BUNDLE_IDENTIFIER = manhani.Data;
				PRODUCT_NAME = "$(TARGET_NAME:c99extidentifier)";
				SDKROOT = macosx;
				SKIP_INSTALL = YES;
				SUPPORTED_PLATFORMS = "macosx iphonesimulator iphoneos";
				SWIFT_EMIT_LOC_STRINGS = YES;
				SWIFT_VERSION = 5.0;
			};
			name = Debug;
		};
		CE46E09D2922B97C007E5474 /* Release */ = {
			isa = XCBuildConfiguration;
			buildSettings = {
				CODE_SIGN_STYLE = Automatic;
				COMBINE_HIDPI_IMAGES = YES;
				CURRENT_PROJECT_VERSION = 1;
				DEFINES_MODULE = YES;
				DEVELOPMENT_TEAM = TTF5N4JJB8;
				DYLIB_COMPATIBILITY_VERSION = 1;
				DYLIB_CURRENT_VERSION = 1;
				DYLIB_INSTALL_NAME_BASE = "@rpath";
				GENERATE_INFOPLIST_FILE = YES;
				INFOPLIST_KEY_NSHumanReadableCopyright = "";
				INSTALL_PATH = "$(LOCAL_LIBRARY_DIR)/Frameworks";
				LD_RUNPATH_SEARCH_PATHS = (
					"$(inherited)",
					"@executable_path/../Frameworks",
					"@loader_path/Frameworks",
				);
				MACOSX_DEPLOYMENT_TARGET = 12.1;
				MARKETING_VERSION = 1.0;
				PRODUCT_BUNDLE_IDENTIFIER = manhani.Data;
				PRODUCT_NAME = "$(TARGET_NAME:c99extidentifier)";
				SDKROOT = macosx;
				SKIP_INSTALL = YES;
				SUPPORTED_PLATFORMS = "macosx iphonesimulator iphoneos";
				SWIFT_EMIT_LOC_STRINGS = YES;
				SWIFT_VERSION = 5.0;
			};
			name = Release;
		};
		CE46E09F2922B97C007E5474 /* Debug */ = {
			isa = XCBuildConfiguration;
			buildSettings = {
				ALWAYS_EMBED_SWIFT_STANDARD_LIBRARIES = YES;
				CODE_SIGN_STYLE = Automatic;
				CURRENT_PROJECT_VERSION = 1;
				DEVELOPMENT_TEAM = TTF5N4JJB8;
				GENERATE_INFOPLIST_FILE = YES;
				MACOSX_DEPLOYMENT_TARGET = 12.1;
				MARKETING_VERSION = 1.0;
				PRODUCT_BUNDLE_IDENTIFIER = manhani.DataTests;
				PRODUCT_NAME = "$(TARGET_NAME)";
				SDKROOT = macosx;
				SUPPORTED_PLATFORMS = "macosx iphonesimulator iphoneos";
				SWIFT_EMIT_LOC_STRINGS = NO;
				SWIFT_VERSION = 5.0;
			};
			name = Debug;
		};
		CE46E0A02922B97C007E5474 /* Release */ = {
			isa = XCBuildConfiguration;
			buildSettings = {
				ALWAYS_EMBED_SWIFT_STANDARD_LIBRARIES = YES;
				CODE_SIGN_STYLE = Automatic;
				CURRENT_PROJECT_VERSION = 1;
				DEVELOPMENT_TEAM = TTF5N4JJB8;
				GENERATE_INFOPLIST_FILE = YES;
				MACOSX_DEPLOYMENT_TARGET = 12.1;
				MARKETING_VERSION = 1.0;
				PRODUCT_BUNDLE_IDENTIFIER = manhani.DataTests;
				PRODUCT_NAME = "$(TARGET_NAME)";
				SDKROOT = macosx;
				SUPPORTED_PLATFORMS = "macosx iphonesimulator iphoneos";
				SWIFT_EMIT_LOC_STRINGS = NO;
				SWIFT_VERSION = 5.0;
			};
			name = Release;
		};
		CE53CEB1292D4F24006BC971 /* Debug */ = {
			isa = XCBuildConfiguration;
			buildSettings = {
				CLANG_ENABLE_MODULES = YES;
				CODE_SIGN_STYLE = Automatic;
				COMBINE_HIDPI_IMAGES = YES;
				CURRENT_PROJECT_VERSION = 1;
				DEFINES_MODULE = YES;
				DEVELOPMENT_TEAM = TTF5N4JJB8;
				DYLIB_COMPATIBILITY_VERSION = 1;
				DYLIB_CURRENT_VERSION = 1;
				DYLIB_INSTALL_NAME_BASE = "@rpath";
				GENERATE_INFOPLIST_FILE = YES;
				INFOPLIST_KEY_NSHumanReadableCopyright = "";
				INSTALL_PATH = "$(LOCAL_LIBRARY_DIR)/Frameworks";
				LD_RUNPATH_SEARCH_PATHS = (
					"$(inherited)",
					"@executable_path/../Frameworks",
					"@loader_path/Frameworks",
				);
				MACOSX_DEPLOYMENT_TARGET = 12.1;
				MARKETING_VERSION = 1.0;
				PRODUCT_BUNDLE_IDENTIFIER = manhani.Infra;
				PRODUCT_NAME = "$(TARGET_NAME:c99extidentifier)";
				SDKROOT = macosx;
				SKIP_INSTALL = YES;
				SUPPORTED_PLATFORMS = "macosx iphonesimulator iphoneos";
				SWIFT_EMIT_LOC_STRINGS = YES;
				SWIFT_OPTIMIZATION_LEVEL = "-Onone";
				SWIFT_VERSION = 5.0;
			};
			name = Debug;
		};
		CE53CEB2292D4F24006BC971 /* Release */ = {
			isa = XCBuildConfiguration;
			buildSettings = {
				CLANG_ENABLE_MODULES = YES;
				CODE_SIGN_STYLE = Automatic;
				COMBINE_HIDPI_IMAGES = YES;
				CURRENT_PROJECT_VERSION = 1;
				DEFINES_MODULE = YES;
				DEVELOPMENT_TEAM = TTF5N4JJB8;
				DYLIB_COMPATIBILITY_VERSION = 1;
				DYLIB_CURRENT_VERSION = 1;
				DYLIB_INSTALL_NAME_BASE = "@rpath";
				GENERATE_INFOPLIST_FILE = YES;
				INFOPLIST_KEY_NSHumanReadableCopyright = "";
				INSTALL_PATH = "$(LOCAL_LIBRARY_DIR)/Frameworks";
				LD_RUNPATH_SEARCH_PATHS = (
					"$(inherited)",
					"@executable_path/../Frameworks",
					"@loader_path/Frameworks",
				);
				MACOSX_DEPLOYMENT_TARGET = 12.1;
				MARKETING_VERSION = 1.0;
				PRODUCT_BUNDLE_IDENTIFIER = manhani.Infra;
				PRODUCT_NAME = "$(TARGET_NAME:c99extidentifier)";
				SDKROOT = macosx;
				SKIP_INSTALL = YES;
				SUPPORTED_PLATFORMS = "macosx iphonesimulator iphoneos";
				SWIFT_EMIT_LOC_STRINGS = YES;
				SWIFT_VERSION = 5.0;
			};
			name = Release;
		};
		CE53CEB4292D4F24006BC971 /* Debug */ = {
			isa = XCBuildConfiguration;
			buildSettings = {
				ALWAYS_EMBED_SWIFT_STANDARD_LIBRARIES = YES;
				CODE_SIGN_STYLE = Automatic;
				CURRENT_PROJECT_VERSION = 1;
				DEVELOPMENT_TEAM = TTF5N4JJB8;
				GENERATE_INFOPLIST_FILE = YES;
				MACOSX_DEPLOYMENT_TARGET = 12.1;
				MARKETING_VERSION = 1.0;
				PRODUCT_BUNDLE_IDENTIFIER = manhani.InfraTests;
				PRODUCT_NAME = "$(TARGET_NAME)";
				SDKROOT = macosx;
				SUPPORTED_PLATFORMS = "macosx iphonesimulator iphoneos";
				SWIFT_EMIT_LOC_STRINGS = NO;
				SWIFT_VERSION = 5.0;
			};
			name = Debug;
		};
		CE53CEB5292D4F24006BC971 /* Release */ = {
			isa = XCBuildConfiguration;
			buildSettings = {
				ALWAYS_EMBED_SWIFT_STANDARD_LIBRARIES = YES;
				CODE_SIGN_STYLE = Automatic;
				CURRENT_PROJECT_VERSION = 1;
				DEVELOPMENT_TEAM = TTF5N4JJB8;
				GENERATE_INFOPLIST_FILE = YES;
				MACOSX_DEPLOYMENT_TARGET = 12.1;
				MARKETING_VERSION = 1.0;
				PRODUCT_BUNDLE_IDENTIFIER = manhani.InfraTests;
				PRODUCT_NAME = "$(TARGET_NAME)";
				SDKROOT = macosx;
				SUPPORTED_PLATFORMS = "macosx iphonesimulator iphoneos";
				SWIFT_EMIT_LOC_STRINGS = NO;
				SWIFT_VERSION = 5.0;
			};
			name = Release;
		};
		CE5EBE3A2930DBF800B82B7B /* Debug */ = {
			isa = XCBuildConfiguration;
			buildSettings = {
				CODE_SIGN_STYLE = Automatic;
				CURRENT_PROJECT_VERSION = 1;
				DEVELOPMENT_TEAM = TTF5N4JJB8;
				GENERATE_INFOPLIST_FILE = YES;
				MACOSX_DEPLOYMENT_TARGET = 12.1;
				MARKETING_VERSION = 1.0;
				PRODUCT_BUNDLE_IDENTIFIER = manhani.UseCasesIntegrationTests;
				PRODUCT_NAME = "$(TARGET_NAME)";
				SDKROOT = macosx;
				SUPPORTED_PLATFORMS = "macosx iphonesimulator iphoneos";
				SWIFT_EMIT_LOC_STRINGS = NO;
				SWIFT_VERSION = 5.0;
			};
			name = Debug;
		};
		CE5EBE3B2930DBF800B82B7B /* Release */ = {
			isa = XCBuildConfiguration;
			buildSettings = {
				CODE_SIGN_STYLE = Automatic;
				CURRENT_PROJECT_VERSION = 1;
				DEVELOPMENT_TEAM = TTF5N4JJB8;
				GENERATE_INFOPLIST_FILE = YES;
				MACOSX_DEPLOYMENT_TARGET = 12.1;
				MARKETING_VERSION = 1.0;
				PRODUCT_BUNDLE_IDENTIFIER = manhani.UseCasesIntegrationTests;
				PRODUCT_NAME = "$(TARGET_NAME)";
				SDKROOT = macosx;
				SUPPORTED_PLATFORMS = "macosx iphonesimulator iphoneos";
				SWIFT_EMIT_LOC_STRINGS = NO;
				SWIFT_VERSION = 5.0;
			};
			name = Release;
		};
		CE5EBE702930E13000B82B7B /* Debug */ = {
			isa = XCBuildConfiguration;
			buildSettings = {
				CLANG_ENABLE_MODULES = YES;
				CODE_SIGN_STYLE = Automatic;
				COMBINE_HIDPI_IMAGES = YES;
				CURRENT_PROJECT_VERSION = 1;
				DEFINES_MODULE = YES;
				DEVELOPMENT_TEAM = TTF5N4JJB8;
				DYLIB_COMPATIBILITY_VERSION = 1;
				DYLIB_CURRENT_VERSION = 1;
				DYLIB_INSTALL_NAME_BASE = "@rpath";
				GENERATE_INFOPLIST_FILE = YES;
				INFOPLIST_KEY_NSHumanReadableCopyright = "";
				INSTALL_PATH = "$(LOCAL_LIBRARY_DIR)/Frameworks";
				LD_RUNPATH_SEARCH_PATHS = (
					"$(inherited)",
					"@executable_path/../Frameworks",
					"@loader_path/Frameworks",
				);
				MACOSX_DEPLOYMENT_TARGET = 12.1;
				MARKETING_VERSION = 1.0;
				PRODUCT_BUNDLE_IDENTIFIER = manhani.Presentation;
				PRODUCT_NAME = "$(TARGET_NAME:c99extidentifier)";
				SDKROOT = macosx;
				SKIP_INSTALL = YES;
				SUPPORTED_PLATFORMS = "macosx iphonesimulator iphoneos";
				SWIFT_EMIT_LOC_STRINGS = YES;
				SWIFT_OPTIMIZATION_LEVEL = "-Onone";
				SWIFT_VERSION = 5.0;
			};
			name = Debug;
		};
		CE5EBE712930E13000B82B7B /* Release */ = {
			isa = XCBuildConfiguration;
			buildSettings = {
				CLANG_ENABLE_MODULES = YES;
				CODE_SIGN_STYLE = Automatic;
				COMBINE_HIDPI_IMAGES = YES;
				CURRENT_PROJECT_VERSION = 1;
				DEFINES_MODULE = YES;
				DEVELOPMENT_TEAM = TTF5N4JJB8;
				DYLIB_COMPATIBILITY_VERSION = 1;
				DYLIB_CURRENT_VERSION = 1;
				DYLIB_INSTALL_NAME_BASE = "@rpath";
				GENERATE_INFOPLIST_FILE = YES;
				INFOPLIST_KEY_NSHumanReadableCopyright = "";
				INSTALL_PATH = "$(LOCAL_LIBRARY_DIR)/Frameworks";
				LD_RUNPATH_SEARCH_PATHS = (
					"$(inherited)",
					"@executable_path/../Frameworks",
					"@loader_path/Frameworks",
				);
				MACOSX_DEPLOYMENT_TARGET = 12.1;
				MARKETING_VERSION = 1.0;
				PRODUCT_BUNDLE_IDENTIFIER = manhani.Presentation;
				PRODUCT_NAME = "$(TARGET_NAME:c99extidentifier)";
				SDKROOT = macosx;
				SKIP_INSTALL = YES;
				SUPPORTED_PLATFORMS = "macosx iphonesimulator iphoneos";
				SWIFT_EMIT_LOC_STRINGS = YES;
				SWIFT_VERSION = 5.0;
			};
			name = Release;
		};
		CE5EBE732930E13000B82B7B /* Debug */ = {
			isa = XCBuildConfiguration;
			buildSettings = {
				ALWAYS_EMBED_SWIFT_STANDARD_LIBRARIES = YES;
				CODE_SIGN_STYLE = Automatic;
				CURRENT_PROJECT_VERSION = 1;
				DEVELOPMENT_TEAM = TTF5N4JJB8;
				GENERATE_INFOPLIST_FILE = YES;
				MACOSX_DEPLOYMENT_TARGET = 12.1;
				MARKETING_VERSION = 1.0;
				PRODUCT_BUNDLE_IDENTIFIER = manhani.PresentationTests;
				PRODUCT_NAME = "$(TARGET_NAME)";
				SDKROOT = macosx;
				SUPPORTED_PLATFORMS = "macosx iphonesimulator iphoneos";
				SWIFT_EMIT_LOC_STRINGS = NO;
				SWIFT_VERSION = 5.0;
			};
			name = Debug;
		};
		CE5EBE742930E13000B82B7B /* Release */ = {
			isa = XCBuildConfiguration;
			buildSettings = {
				ALWAYS_EMBED_SWIFT_STANDARD_LIBRARIES = YES;
				CODE_SIGN_STYLE = Automatic;
				CURRENT_PROJECT_VERSION = 1;
				DEVELOPMENT_TEAM = TTF5N4JJB8;
				GENERATE_INFOPLIST_FILE = YES;
				MACOSX_DEPLOYMENT_TARGET = 12.1;
				MARKETING_VERSION = 1.0;
				PRODUCT_BUNDLE_IDENTIFIER = manhani.PresentationTests;
				PRODUCT_NAME = "$(TARGET_NAME)";
				SDKROOT = macosx;
				SUPPORTED_PLATFORMS = "macosx iphonesimulator iphoneos";
				SWIFT_EMIT_LOC_STRINGS = NO;
				SWIFT_VERSION = 5.0;
			};
			name = Release;
		};
		CE5FB0E02934F018003C7A37 /* Debug */ = {
			isa = XCBuildConfiguration;
			buildSettings = {
				CLANG_ENABLE_MODULES = YES;
				CODE_SIGN_STYLE = Automatic;
				COMBINE_HIDPI_IMAGES = YES;
				CURRENT_PROJECT_VERSION = 1;
				DEFINES_MODULE = YES;
				DEVELOPMENT_TEAM = TTF5N4JJB8;
				DYLIB_COMPATIBILITY_VERSION = 1;
				DYLIB_CURRENT_VERSION = 1;
				DYLIB_INSTALL_NAME_BASE = "@rpath";
				GENERATE_INFOPLIST_FILE = YES;
				INFOPLIST_KEY_NSHumanReadableCopyright = "";
				INSTALL_PATH = "$(LOCAL_LIBRARY_DIR)/Frameworks";
				LD_RUNPATH_SEARCH_PATHS = (
					"$(inherited)",
					"@executable_path/../Frameworks",
					"@loader_path/Frameworks",
				);
				MACOSX_DEPLOYMENT_TARGET = 12.1;
				MARKETING_VERSION = 1.0;
				PRODUCT_BUNDLE_IDENTIFIER = manhani.UI;
				PRODUCT_NAME = "$(TARGET_NAME:c99extidentifier)";
				SDKROOT = macosx;
				SKIP_INSTALL = YES;
				SUPPORTED_PLATFORMS = "macosx iphonesimulator iphoneos";
				SWIFT_EMIT_LOC_STRINGS = YES;
				SWIFT_OPTIMIZATION_LEVEL = "-Onone";
				SWIFT_VERSION = 5.0;
			};
			name = Debug;
		};
		CE5FB0E12934F018003C7A37 /* Release */ = {
			isa = XCBuildConfiguration;
			buildSettings = {
				CLANG_ENABLE_MODULES = YES;
				CODE_SIGN_STYLE = Automatic;
				COMBINE_HIDPI_IMAGES = YES;
				CURRENT_PROJECT_VERSION = 1;
				DEFINES_MODULE = YES;
				DEVELOPMENT_TEAM = TTF5N4JJB8;
				DYLIB_COMPATIBILITY_VERSION = 1;
				DYLIB_CURRENT_VERSION = 1;
				DYLIB_INSTALL_NAME_BASE = "@rpath";
				GENERATE_INFOPLIST_FILE = YES;
				INFOPLIST_KEY_NSHumanReadableCopyright = "";
				INSTALL_PATH = "$(LOCAL_LIBRARY_DIR)/Frameworks";
				LD_RUNPATH_SEARCH_PATHS = (
					"$(inherited)",
					"@executable_path/../Frameworks",
					"@loader_path/Frameworks",
				);
				MACOSX_DEPLOYMENT_TARGET = 12.1;
				MARKETING_VERSION = 1.0;
				PRODUCT_BUNDLE_IDENTIFIER = manhani.UI;
				PRODUCT_NAME = "$(TARGET_NAME:c99extidentifier)";
				SDKROOT = macosx;
				SKIP_INSTALL = YES;
				SUPPORTED_PLATFORMS = "macosx iphonesimulator iphoneos";
				SWIFT_EMIT_LOC_STRINGS = YES;
				SWIFT_VERSION = 5.0;
			};
			name = Release;
		};
		CE5FB0E32934F018003C7A37 /* Debug */ = {
			isa = XCBuildConfiguration;
			buildSettings = {
				ALWAYS_EMBED_SWIFT_STANDARD_LIBRARIES = YES;
				CODE_SIGN_STYLE = Automatic;
				CURRENT_PROJECT_VERSION = 1;
				DEVELOPMENT_TEAM = TTF5N4JJB8;
				GENERATE_INFOPLIST_FILE = YES;
				MACOSX_DEPLOYMENT_TARGET = 12.1;
				MARKETING_VERSION = 1.0;
				PRODUCT_BUNDLE_IDENTIFIER = manhani.UITests;
				PRODUCT_NAME = "$(TARGET_NAME)";
				SDKROOT = macosx;
				SUPPORTED_PLATFORMS = "macosx iphonesimulator iphoneos";
				SWIFT_EMIT_LOC_STRINGS = NO;
				SWIFT_VERSION = 5.0;
			};
			name = Debug;
		};
		CE5FB0E42934F018003C7A37 /* Release */ = {
			isa = XCBuildConfiguration;
			buildSettings = {
				ALWAYS_EMBED_SWIFT_STANDARD_LIBRARIES = YES;
				CODE_SIGN_STYLE = Automatic;
				CURRENT_PROJECT_VERSION = 1;
				DEVELOPMENT_TEAM = TTF5N4JJB8;
				GENERATE_INFOPLIST_FILE = YES;
				MACOSX_DEPLOYMENT_TARGET = 12.1;
				MARKETING_VERSION = 1.0;
				PRODUCT_BUNDLE_IDENTIFIER = manhani.UITests;
				PRODUCT_NAME = "$(TARGET_NAME)";
				SDKROOT = macosx;
				SUPPORTED_PLATFORMS = "macosx iphonesimulator iphoneos";
				SWIFT_EMIT_LOC_STRINGS = NO;
				SWIFT_VERSION = 5.0;
			};
			name = Release;
		};
/* End XCBuildConfiguration section */

/* Begin XCConfigurationList section */
		CE46E0532922B68A007E5474 /* Build configuration list for PBXProject "swift_tdd" */ = {
			isa = XCConfigurationList;
			buildConfigurations = (
				CE46E06B2922B68A007E5474 /* Debug */,
				CE46E06C2922B68A007E5474 /* Release */,
			);
			defaultConfigurationIsVisible = 0;
			defaultConfigurationName = Release;
		};
		CE46E07E2922B76F007E5474 /* Build configuration list for PBXNativeTarget "Domain" */ = {
			isa = XCConfigurationList;
			buildConfigurations = (
				CE46E07F2922B76F007E5474 /* Debug */,
				CE46E0802922B76F007E5474 /* Release */,
			);
			defaultConfigurationIsVisible = 0;
			defaultConfigurationName = Release;
		};
		CE46E09B2922B97C007E5474 /* Build configuration list for PBXNativeTarget "Data" */ = {
			isa = XCConfigurationList;
			buildConfigurations = (
				CE46E09C2922B97C007E5474 /* Debug */,
				CE46E09D2922B97C007E5474 /* Release */,
			);
			defaultConfigurationIsVisible = 0;
			defaultConfigurationName = Release;
		};
		CE46E09E2922B97C007E5474 /* Build configuration list for PBXNativeTarget "DataTests" */ = {
			isa = XCConfigurationList;
			buildConfigurations = (
				CE46E09F2922B97C007E5474 /* Debug */,
				CE46E0A02922B97C007E5474 /* Release */,
			);
			defaultConfigurationIsVisible = 0;
			defaultConfigurationName = Release;
		};
		CE53CEB0292D4F24006BC971 /* Build configuration list for PBXNativeTarget "Infra" */ = {
			isa = XCConfigurationList;
			buildConfigurations = (
				CE53CEB1292D4F24006BC971 /* Debug */,
				CE53CEB2292D4F24006BC971 /* Release */,
			);
			defaultConfigurationIsVisible = 0;
			defaultConfigurationName = Release;
		};
		CE53CEB3292D4F24006BC971 /* Build configuration list for PBXNativeTarget "InfraTests" */ = {
			isa = XCConfigurationList;
			buildConfigurations = (
				CE53CEB4292D4F24006BC971 /* Debug */,
				CE53CEB5292D4F24006BC971 /* Release */,
			);
			defaultConfigurationIsVisible = 0;
			defaultConfigurationName = Release;
		};
		CE5EBE3C2930DBF800B82B7B /* Build configuration list for PBXNativeTarget "UseCasesIntegrationTests" */ = {
			isa = XCConfigurationList;
			buildConfigurations = (
				CE5EBE3A2930DBF800B82B7B /* Debug */,
				CE5EBE3B2930DBF800B82B7B /* Release */,
			);
			defaultConfigurationIsVisible = 0;
			defaultConfigurationName = Release;
		};
		CE5EBE6F2930E13000B82B7B /* Build configuration list for PBXNativeTarget "Presentation" */ = {
			isa = XCConfigurationList;
			buildConfigurations = (
				CE5EBE702930E13000B82B7B /* Debug */,
				CE5EBE712930E13000B82B7B /* Release */,
			);
			defaultConfigurationIsVisible = 0;
			defaultConfigurationName = Release;
		};
		CE5EBE722930E13000B82B7B /* Build configuration list for PBXNativeTarget "PresentationTests" */ = {
			isa = XCConfigurationList;
			buildConfigurations = (
				CE5EBE732930E13000B82B7B /* Debug */,
				CE5EBE742930E13000B82B7B /* Release */,
			);
			defaultConfigurationIsVisible = 0;
			defaultConfigurationName = Release;
		};
		CE5FB0DF2934F018003C7A37 /* Build configuration list for PBXNativeTarget "UI" */ = {
			isa = XCConfigurationList;
			buildConfigurations = (
				CE5FB0E02934F018003C7A37 /* Debug */,
				CE5FB0E12934F018003C7A37 /* Release */,
			);
			defaultConfigurationIsVisible = 0;
			defaultConfigurationName = Release;
		};
		CE5FB0E22934F018003C7A37 /* Build configuration list for PBXNativeTarget "UITests" */ = {
			isa = XCConfigurationList;
			buildConfigurations = (
				CE5FB0E32934F018003C7A37 /* Debug */,
				CE5FB0E42934F018003C7A37 /* Release */,
			);
			defaultConfigurationIsVisible = 0;
			defaultConfigurationName = Release;
		};
/* End XCConfigurationList section */

/* Begin XCRemoteSwiftPackageReference section */
		CE53CEBE292D5245006BC971 /* XCRemoteSwiftPackageReference "Alamofire" */ = {
			isa = XCRemoteSwiftPackageReference;
			repositoryURL = "https://github.com/Alamofire/Alamofire";
			requirement = {
				kind = upToNextMajorVersion;
				minimumVersion = 5.0.0;
			};
		};
/* End XCRemoteSwiftPackageReference section */

/* Begin XCSwiftPackageProductDependency section */
		CE53CEBF292D5245006BC971 /* Alamofire */ = {
			isa = XCSwiftPackageProductDependency;
			package = CE53CEBE292D5245006BC971 /* XCRemoteSwiftPackageReference "Alamofire" */;
			productName = Alamofire;
		};
/* End XCSwiftPackageProductDependency section */
	};
	rootObject = CE46E0502922B68A007E5474 /* Project object */;
}
