// !$*UTF8*$!
{
	archiveVersion = 1;
	classes = {
	};
	objectVersion = 55;
	objects = {

/* Begin PBXBuildFile section */
		CE46E05E2922B68A007E5474 /* swift_tdd.docc in Sources */ = {isa = PBXBuildFile; fileRef = CE46E05D2922B68A007E5474 /* swift_tdd.docc */; };
		CE46E0642922B68A007E5474 /* swift_tdd.framework in Frameworks */ = {isa = PBXBuildFile; fileRef = CE46E0592922B68A007E5474 /* swift_tdd.framework */; };
		CE46E0692922B68A007E5474 /* swift_tddTests.swift in Sources */ = {isa = PBXBuildFile; fileRef = CE46E0682922B68A007E5474 /* swift_tddTests.swift */; };
		CE46E06A2922B68A007E5474 /* swift_tdd.h in Headers */ = {isa = PBXBuildFile; fileRef = CE46E05C2922B68A007E5474 /* swift_tdd.h */; settings = {ATTRIBUTES = (Public, ); }; };
/* End PBXBuildFile section */

/* Begin PBXContainerItemProxy section */
		CE46E0652922B68A007E5474 /* PBXContainerItemProxy */ = {
			isa = PBXContainerItemProxy;
			containerPortal = CE46E0502922B68A007E5474 /* Project object */;
			proxyType = 1;
			remoteGlobalIDString = CE46E0582922B68A007E5474;
			remoteInfo = swift_tdd;
		};
/* End PBXContainerItemProxy section */

/* Begin PBXFileReference section */
		CE46E0592922B68A007E5474 /* swift_tdd.framework */ = {isa = PBXFileReference; explicitFileType = wrapper.framework; includeInIndex = 0; path = swift_tdd.framework; sourceTree = BUILT_PRODUCTS_DIR; };
		CE46E05C2922B68A007E5474 /* swift_tdd.h */ = {isa = PBXFileReference; lastKnownFileType = sourcecode.c.h; path = swift_tdd.h; sourceTree = "<group>"; };
		CE46E05D2922B68A007E5474 /* swift_tdd.docc */ = {isa = PBXFileReference; lastKnownFileType = folder.documentationcatalog; path = swift_tdd.docc; sourceTree = "<group>"; };
		CE46E0632922B68A007E5474 /* swift_tddTests.xctest */ = {isa = PBXFileReference; explicitFileType = wrapper.cfbundle; includeInIndex = 0; path = swift_tddTests.xctest; sourceTree = BUILT_PRODUCTS_DIR; };
		CE46E0682922B68A007E5474 /* swift_tddTests.swift */ = {isa = PBXFileReference; lastKnownFileType = sourcecode.swift; path = swift_tddTests.swift; sourceTree = "<group>"; };
/* End PBXFileReference section */

/* Begin PBXFrameworksBuildPhase section */
		CE46E0562922B68A007E5474 /* Frameworks */ = {
			isa = PBXFrameworksBuildPhase;
			buildActionMask = 2147483647;
			files = (
			);
			runOnlyForDeploymentPostprocessing = 0;
		};
		CE46E0602922B68A007E5474 /* Frameworks */ = {
			isa = PBXFrameworksBuildPhase;
			buildActionMask = 2147483647;
			files = (
				CE46E0642922B68A007E5474 /* swift_tdd.framework in Frameworks */,
			);
			runOnlyForDeploymentPostprocessing = 0;
		};
/* End PBXFrameworksBuildPhase section */

/* Begin PBXGroup section */
		CE46E04F2922B68A007E5474 = {
			isa = PBXGroup;
			children = (
				CE46E05B2922B68A007E5474 /* swift_tdd */,
				CE46E0672922B68A007E5474 /* swift_tddTests */,
				CE46E05A2922B68A007E5474 /* Products */,
			);
			sourceTree = "<group>";
		};
		CE46E05A2922B68A007E5474 /* Products */ = {
			isa = PBXGroup;
			children = (
				CE46E0592922B68A007E5474 /* swift_tdd.framework */,
				CE46E0632922B68A007E5474 /* swift_tddTests.xctest */,
			);
			name = Products;
			sourceTree = "<group>";
		};
		CE46E05B2922B68A007E5474 /* swift_tdd */ = {
			isa = PBXGroup;
			children = (
				CE46E05C2922B68A007E5474 /* swift_tdd.h */,
				CE46E05D2922B68A007E5474 /* swift_tdd.docc */,
			);
			path = swift_tdd;
			sourceTree = "<group>";
		};
		CE46E0672922B68A007E5474 /* swift_tddTests */ = {
			isa = PBXGroup;
			children = (
				CE46E0682922B68A007E5474 /* swift_tddTests.swift */,
			);
			path = swift_tddTests;
			sourceTree = "<group>";
		};
/* End PBXGroup section */

/* Begin PBXHeadersBuildPhase section */
		CE46E0542922B68A007E5474 /* Headers */ = {
			isa = PBXHeadersBuildPhase;
			buildActionMask = 2147483647;
			files = (
				CE46E06A2922B68A007E5474 /* swift_tdd.h in Headers */,
			);
			runOnlyForDeploymentPostprocessing = 0;
		};
/* End PBXHeadersBuildPhase section */

/* Begin PBXNativeTarget section */
		CE46E0582922B68A007E5474 /* swift_tdd */ = {
			isa = PBXNativeTarget;
			buildConfigurationList = CE46E06D2922B68A007E5474 /* Build configuration list for PBXNativeTarget "swift_tdd" */;
			buildPhases = (
				CE46E0542922B68A007E5474 /* Headers */,
				CE46E0552922B68A007E5474 /* Sources */,
				CE46E0562922B68A007E5474 /* Frameworks */,
				CE46E0572922B68A007E5474 /* Resources */,
			);
			buildRules = (
			);
			dependencies = (
			);
			name = swift_tdd;
			productName = swift_tdd;
			productReference = CE46E0592922B68A007E5474 /* swift_tdd.framework */;
			productType = "com.apple.product-type.framework";
		};
		CE46E0622922B68A007E5474 /* swift_tddTests */ = {
			isa = PBXNativeTarget;
			buildConfigurationList = CE46E0702922B68A007E5474 /* Build configuration list for PBXNativeTarget "swift_tddTests" */;
			buildPhases = (
				CE46E05F2922B68A007E5474 /* Sources */,
				CE46E0602922B68A007E5474 /* Frameworks */,
				CE46E0612922B68A007E5474 /* Resources */,
			);
			buildRules = (
			);
			dependencies = (
				CE46E0662922B68A007E5474 /* PBXTargetDependency */,
			);
			name = swift_tddTests;
			productName = swift_tddTests;
			productReference = CE46E0632922B68A007E5474 /* swift_tddTests.xctest */;
			productType = "com.apple.product-type.bundle.unit-test";
		};
/* End PBXNativeTarget section */

/* Begin PBXProject section */
		CE46E0502922B68A007E5474 /* Project object */ = {
			isa = PBXProject;
			attributes = {
				BuildIndependentTargetsInParallel = 1;
				LastSwiftUpdateCheck = 1320;
				LastUpgradeCheck = 1320;
				TargetAttributes = {
					CE46E0582922B68A007E5474 = {
						CreatedOnToolsVersion = 13.2.1;
					};
					CE46E0622922B68A007E5474 = {
						CreatedOnToolsVersion = 13.2.1;
					};
				};
			};
			buildConfigurationList = CE46E0532922B68A007E5474 /* Build configuration list for PBXProject "swift_tdd" */;
			compatibilityVersion = "Xcode 13.0";
			developmentRegion = en;
			hasScannedForEncodings = 0;
			knownRegions = (
				en,
				Base,
			);
			mainGroup = CE46E04F2922B68A007E5474;
			productRefGroup = CE46E05A2922B68A007E5474 /* Products */;
			projectDirPath = "";
			projectRoot = "";
			targets = (
				CE46E0582922B68A007E5474 /* swift_tdd */,
				CE46E0622922B68A007E5474 /* swift_tddTests */,
			);
		};
/* End PBXProject section */

/* Begin PBXResourcesBuildPhase section */
		CE46E0572922B68A007E5474 /* Resources */ = {
			isa = PBXResourcesBuildPhase;
			buildActionMask = 2147483647;
			files = (
			);
			runOnlyForDeploymentPostprocessing = 0;
		};
		CE46E0612922B68A007E5474 /* Resources */ = {
			isa = PBXResourcesBuildPhase;
			buildActionMask = 2147483647;
			files = (
			);
			runOnlyForDeploymentPostprocessing = 0;
		};
/* End PBXResourcesBuildPhase section */

/* Begin PBXSourcesBuildPhase section */
		CE46E0552922B68A007E5474 /* Sources */ = {
			isa = PBXSourcesBuildPhase;
			buildActionMask = 2147483647;
			files = (
				CE46E05E2922B68A007E5474 /* swift_tdd.docc in Sources */,
			);
			runOnlyForDeploymentPostprocessing = 0;
		};
		CE46E05F2922B68A007E5474 /* Sources */ = {
			isa = PBXSourcesBuildPhase;
			buildActionMask = 2147483647;
			files = (
				CE46E0692922B68A007E5474 /* swift_tddTests.swift in Sources */,
			);
			runOnlyForDeploymentPostprocessing = 0;
		};
/* End PBXSourcesBuildPhase section */

/* Begin PBXTargetDependency section */
		CE46E0662922B68A007E5474 /* PBXTargetDependency */ = {
			isa = PBXTargetDependency;
			target = CE46E0582922B68A007E5474 /* swift_tdd */;
			targetProxy = CE46E0652922B68A007E5474 /* PBXContainerItemProxy */;
		};
/* End PBXTargetDependency section */

/* Begin XCBuildConfiguration section */
		CE46E06B2922B68A007E5474 /* Debug */ = {
			isa = XCBuildConfiguration;
			buildSettings = {
				ALWAYS_SEARCH_USER_PATHS = NO;
				CLANG_ANALYZER_NONNULL = YES;
				CLANG_ANALYZER_NUMBER_OBJECT_CONVERSION = YES_AGGRESSIVE;
				CLANG_CXX_LANGUAGE_STANDARD = "gnu++17";
				CLANG_CXX_LIBRARY = "libc++";
				CLANG_ENABLE_MODULES = YES;
				CLANG_ENABLE_OBJC_ARC = YES;
				CLANG_ENABLE_OBJC_WEAK = YES;
				CLANG_WARN_BLOCK_CAPTURE_AUTORELEASING = YES;
				CLANG_WARN_BOOL_CONVERSION = YES;
				CLANG_WARN_COMMA = YES;
				CLANG_WARN_CONSTANT_CONVERSION = YES;
				CLANG_WARN_DEPRECATED_OBJC_IMPLEMENTATIONS = YES;
				CLANG_WARN_DIRECT_OBJC_ISA_USAGE = YES_ERROR;
				CLANG_WARN_DOCUMENTATION_COMMENTS = YES;
				CLANG_WARN_EMPTY_BODY = YES;
				CLANG_WARN_ENUM_CONVERSION = YES;
				CLANG_WARN_INFINITE_RECURSION = YES;
				CLANG_WARN_INT_CONVERSION = YES;
				CLANG_WARN_NON_LITERAL_NULL_CONVERSION = YES;
				CLANG_WARN_OBJC_IMPLICIT_RETAIN_SELF = YES;
				CLANG_WARN_OBJC_LITERAL_CONVERSION = YES;
				CLANG_WARN_OBJC_ROOT_CLASS = YES_ERROR;
				CLANG_WARN_QUOTED_INCLUDE_IN_FRAMEWORK_HEADER = YES;
				CLANG_WARN_RANGE_LOOP_ANALYSIS = YES;
				CLANG_WARN_STRICT_PROTOTYPES = YES;
				CLANG_WARN_SUSPICIOUS_MOVE = YES;
				CLANG_WARN_UNGUARDED_AVAILABILITY = YES_AGGRESSIVE;
				CLANG_WARN_UNREACHABLE_CODE = YES;
				CLANG_WARN__DUPLICATE_METHOD_MATCH = YES;
				COPY_PHASE_STRIP = NO;
				CURRENT_PROJECT_VERSION = 1;
				DEBUG_INFORMATION_FORMAT = dwarf;
				ENABLE_STRICT_OBJC_MSGSEND = YES;
				ENABLE_TESTABILITY = YES;
				GCC_C_LANGUAGE_STANDARD = gnu11;
				GCC_DYNAMIC_NO_PIC = NO;
				GCC_NO_COMMON_BLOCKS = YES;
				GCC_OPTIMIZATION_LEVEL = 0;
				GCC_PREPROCESSOR_DEFINITIONS = (
					"DEBUG=1",
					"$(inherited)",
				);
				GCC_WARN_64_TO_32_BIT_CONVERSION = YES;
				GCC_WARN_ABOUT_RETURN_TYPE = YES_ERROR;
				GCC_WARN_UNDECLARED_SELECTOR = YES;
				GCC_WARN_UNINITIALIZED_AUTOS = YES_AGGRESSIVE;
				GCC_WARN_UNUSED_FUNCTION = YES;
				GCC_WARN_UNUSED_VARIABLE = YES;
				IPHONEOS_DEPLOYMENT_TARGET = 15.2;
				MTL_ENABLE_DEBUG_INFO = INCLUDE_SOURCE;
				MTL_FAST_MATH = YES;
				ONLY_ACTIVE_ARCH = YES;
				SDKROOT = iphoneos;
				SWIFT_ACTIVE_COMPILATION_CONDITIONS = DEBUG;
				SWIFT_OPTIMIZATION_LEVEL = "-Onone";
				VERSIONING_SYSTEM = "apple-generic";
				VERSION_INFO_PREFIX = "";
			};
			name = Debug;
		};
		CE46E06C2922B68A007E5474 /* Release */ = {
			isa = XCBuildConfiguration;
			buildSettings = {
				ALWAYS_SEARCH_USER_PATHS = NO;
				CLANG_ANALYZER_NONNULL = YES;
				CLANG_ANALYZER_NUMBER_OBJECT_CONVERSION = YES_AGGRESSIVE;
				CLANG_CXX_LANGUAGE_STANDARD = "gnu++17";
				CLANG_CXX_LIBRARY = "libc++";
				CLANG_ENABLE_MODULES = YES;
				CLANG_ENABLE_OBJC_ARC = YES;
				CLANG_ENABLE_OBJC_WEAK = YES;
				CLANG_WARN_BLOCK_CAPTURE_AUTORELEASING = YES;
				CLANG_WARN_BOOL_CONVERSION = YES;
				CLANG_WARN_COMMA = YES;
				CLANG_WARN_CONSTANT_CONVERSION = YES;
				CLANG_WARN_DEPRECATED_OBJC_IMPLEMENTATIONS = YES;
				CLANG_WARN_DIRECT_OBJC_ISA_USAGE = YES_ERROR;
				CLANG_WARN_DOCUMENTATION_COMMENTS = YES;
				CLANG_WARN_EMPTY_BODY = YES;
				CLANG_WARN_ENUM_CONVERSION = YES;
				CLANG_WARN_INFINITE_RECURSION = YES;
				CLANG_WARN_INT_CONVERSION = YES;
				CLANG_WARN_NON_LITERAL_NULL_CONVERSION = YES;
				CLANG_WARN_OBJC_IMPLICIT_RETAIN_SELF = YES;
				CLANG_WARN_OBJC_LITERAL_CONVERSION = YES;
				CLANG_WARN_OBJC_ROOT_CLASS = YES_ERROR;
				CLANG_WARN_QUOTED_INCLUDE_IN_FRAMEWORK_HEADER = YES;
				CLANG_WARN_RANGE_LOOP_ANALYSIS = YES;
				CLANG_WARN_STRICT_PROTOTYPES = YES;
				CLANG_WARN_SUSPICIOUS_MOVE = YES;
				CLANG_WARN_UNGUARDED_AVAILABILITY = YES_AGGRESSIVE;
				CLANG_WARN_UNREACHABLE_CODE = YES;
				CLANG_WARN__DUPLICATE_METHOD_MATCH = YES;
				COPY_PHASE_STRIP = NO;
				CURRENT_PROJECT_VERSION = 1;
				DEBUG_INFORMATION_FORMAT = "dwarf-with-dsym";
				ENABLE_NS_ASSERTIONS = NO;
				ENABLE_STRICT_OBJC_MSGSEND = YES;
				GCC_C_LANGUAGE_STANDARD = gnu11;
				GCC_NO_COMMON_BLOCKS = YES;
				GCC_WARN_64_TO_32_BIT_CONVERSION = YES;
				GCC_WARN_ABOUT_RETURN_TYPE = YES_ERROR;
				GCC_WARN_UNDECLARED_SELECTOR = YES;
				GCC_WARN_UNINITIALIZED_AUTOS = YES_AGGRESSIVE;
				GCC_WARN_UNUSED_FUNCTION = YES;
				GCC_WARN_UNUSED_VARIABLE = YES;
				IPHONEOS_DEPLOYMENT_TARGET = 15.2;
				MTL_ENABLE_DEBUG_INFO = NO;
				MTL_FAST_MATH = YES;
				SDKROOT = iphoneos;
				SWIFT_COMPILATION_MODE = wholemodule;
				SWIFT_OPTIMIZATION_LEVEL = "-O";
				VALIDATE_PRODUCT = YES;
				VERSIONING_SYSTEM = "apple-generic";
				VERSION_INFO_PREFIX = "";
			};
			name = Release;
		};
		CE46E06E2922B68A007E5474 /* Debug */ = {
			isa = XCBuildConfiguration;
			buildSettings = {
				CODE_SIGN_STYLE = Automatic;
				CURRENT_PROJECT_VERSION = 1;
				DEFINES_MODULE = YES;
				DEVELOPMENT_TEAM = TTF5N4JJB8;
				DYLIB_COMPATIBILITY_VERSION = 1;
				DYLIB_CURRENT_VERSION = 1;
				DYLIB_INSTALL_NAME_BASE = "@rpath";
				GENERATE_INFOPLIST_FILE = YES;
				INFOPLIST_KEY_NSHumanReadableCopyright = "";
				INSTALL_PATH = "$(LOCAL_LIBRARY_DIR)/Frameworks";
				LD_RUNPATH_SEARCH_PATHS = (
					"$(inherited)",
					"@executable_path/Frameworks",
					"@loader_path/Frameworks",
				);
				MARKETING_VERSION = 1.0;
				PRODUCT_BUNDLE_IDENTIFIER = "manhani.swift-tdd";
				PRODUCT_NAME = "$(TARGET_NAME:c99extidentifier)";
				SKIP_INSTALL = YES;
				SWIFT_EMIT_LOC_STRINGS = YES;
				SWIFT_VERSION = 5.0;
				TARGETED_DEVICE_FAMILY = "1,2";
			};
			name = Debug;
		};
		CE46E06F2922B68A007E5474 /* Release */ = {
			isa = XCBuildConfiguration;
			buildSettings = {
				CODE_SIGN_STYLE = Automatic;
				CURRENT_PROJECT_VERSION = 1;
				DEFINES_MODULE = YES;
				DEVELOPMENT_TEAM = TTF5N4JJB8;
				DYLIB_COMPATIBILITY_VERSION = 1;
				DYLIB_CURRENT_VERSION = 1;
				DYLIB_INSTALL_NAME_BASE = "@rpath";
				GENERATE_INFOPLIST_FILE = YES;
				INFOPLIST_KEY_NSHumanReadableCopyright = "";
				INSTALL_PATH = "$(LOCAL_LIBRARY_DIR)/Frameworks";
				LD_RUNPATH_SEARCH_PATHS = (
					"$(inherited)",
					"@executable_path/Frameworks",
					"@loader_path/Frameworks",
				);
				MARKETING_VERSION = 1.0;
				PRODUCT_BUNDLE_IDENTIFIER = "manhani.swift-tdd";
				PRODUCT_NAME = "$(TARGET_NAME:c99extidentifier)";
				SKIP_INSTALL = YES;
				SWIFT_EMIT_LOC_STRINGS = YES;
				SWIFT_VERSION = 5.0;
				TARGETED_DEVICE_FAMILY = "1,2";
			};
			name = Release;
		};
		CE46E0712922B68A007E5474 /* Debug */ = {
			isa = XCBuildConfiguration;
			buildSettings = {
				CODE_SIGN_STYLE = Automatic;
				CURRENT_PROJECT_VERSION = 1;
				DEVELOPMENT_TEAM = TTF5N4JJB8;
				GENERATE_INFOPLIST_FILE = YES;
				MARKETING_VERSION = 1.0;
				PRODUCT_BUNDLE_IDENTIFIER = "manhani.swift-tddTests";
				PRODUCT_NAME = "$(TARGET_NAME)";
				SWIFT_EMIT_LOC_STRINGS = NO;
				SWIFT_VERSION = 5.0;
				TARGETED_DEVICE_FAMILY = "1,2";
			};
			name = Debug;
		};
		CE46E0722922B68A007E5474 /* Release */ = {
			isa = XCBuildConfiguration;
			buildSettings = {
				CODE_SIGN_STYLE = Automatic;
				CURRENT_PROJECT_VERSION = 1;
				DEVELOPMENT_TEAM = TTF5N4JJB8;
				GENERATE_INFOPLIST_FILE = YES;
				MARKETING_VERSION = 1.0;
				PRODUCT_BUNDLE_IDENTIFIER = "manhani.swift-tddTests";
				PRODUCT_NAME = "$(TARGET_NAME)";
				SWIFT_EMIT_LOC_STRINGS = NO;
				SWIFT_VERSION = 5.0;
				TARGETED_DEVICE_FAMILY = "1,2";
			};
			name = Release;
		};
/* End XCBuildConfiguration section */

/* Begin XCConfigurationList section */
		CE46E0532922B68A007E5474 /* Build configuration list for PBXProject "swift_tdd" */ = {
			isa = XCConfigurationList;
			buildConfigurations = (
				CE46E06B2922B68A007E5474 /* Debug */,
				CE46E06C2922B68A007E5474 /* Release */,
			);
			defaultConfigurationIsVisible = 0;
			defaultConfigurationName = Release;
		};
		CE46E06D2922B68A007E5474 /* Build configuration list for PBXNativeTarget "swift_tdd" */ = {
			isa = XCConfigurationList;
			buildConfigurations = (
				CE46E06E2922B68A007E5474 /* Debug */,
				CE46E06F2922B68A007E5474 /* Release */,
			);
			defaultConfigurationIsVisible = 0;
			defaultConfigurationName = Release;
		};
		CE46E0702922B68A007E5474 /* Build configuration list for PBXNativeTarget "swift_tddTests" */ = {
			isa = XCConfigurationList;
			buildConfigurations = (
				CE46E0712922B68A007E5474 /* Debug */,
				CE46E0722922B68A007E5474 /* Release */,
			);
			defaultConfigurationIsVisible = 0;
			defaultConfigurationName = Release;
		};
/* End XCConfigurationList section */
	};
	rootObject = CE46E0502922B68A007E5474 /* Project object */;
}
